
Microsoft Visual Studio Solution File, Format Version 12.00
# Visual Studio Version 17
VisualStudioVersion = 17.13.35818.85
MinimumVisualStudioVersion = 10.0.40219.1
Project("{8BC9CEB8-8B4A-11D0-8D11-00A0C91BC942}") = "01 Intro to Design Patterns", "01 Intro to Design Patterns\01 Intro to Design Patterns.vcxproj", "{1759B4A3-1FDD-4600-B35C-6B06BCBD4EC8}"
EndProject
Project("{8BC9CEB8-8B4A-11D0-8D11-00A0C91BC942}") = "03 the Decorator Pattern", "03 the Decorator Pattern\03 the Decorator Pattern.vcxproj", "{EE75C758-E8D1-491D-847C-13C2E6F4AF56}"
EndProject
Project("{8BC9CEB8-8B4A-11D0-8D11-00A0C91BC942}") = "02 the Observer Pattern", "02 the Observer Pattern\02 the Observer Pattern.vcxproj", "{306BA0F6-EAB9-4465-B2D9-A032E85BFC94}"
EndProject
Project("{8BC9CEB8-8B4A-11D0-8D11-00A0C91BC942}") = "04 - 01 Building a simple pizza factory", "04 - 01 Building a simple pizza factory\04 - 01 Building a simple pizza factory.vcxproj", "{9634A3BD-DEA5-4072-ABE5-8961FA3181B0}"
EndProject
Project("{8BC9CEB8-8B4A-11D0-8D11-00A0C91BC942}") = "04 - 02 A framework for the pizza store", "04 - 02 A framework for the pizza store\04 - 02 A framework for the pizza store.vcxproj", "{2273BA1E-93D9-4160-92EF-B3E1439B2BAA}"
EndProject
Project("{8BC9CEB8-8B4A-11D0-8D11-00A0C91BC942}") = "04 - 03 Sharpen your pencil", "04 - 03 Sharpen your pencil\04 - 03 Sharpen your pencil.vcxproj", "{246C5C0A-26F8-4899-B57D-CAB67AA36D58}"
EndProject
Project("{8BC9CEB8-8B4A-11D0-8D11-00A0C91BC942}") = "04 - 04 You've waited long enough time for some pizzas", "04 - 04 You've waited long enough time for some pizzas\04 - 04 You've waited long enough time for some pizzas.vcxproj", "{8FB50FCD-1940-421C-819D-77A94356222B}"
EndProject
Project("{8BC9CEB8-8B4A-11D0-8D11-00A0C91BC942}") = "04 - 05 Reworking the pizzas", "04 - 05 Reworking the pizzas\04 - 05 Reworking the pizzas.vcxproj", "{C76CED7B-2671-43FC-BD57-840873A50946}"
EndProject
Project("{8BC9CEB8-8B4A-11D0-8D11-00A0C91BC942}") = "05 - 01 The Little Singleton", "05 - 01 The Little Singleton\05 - 01 The Little Singleton.vcxproj", "{2AE4D12F-8543-433D-B648-C30A5F49F80C}"
EndProject
Project("{8BC9CEB8-8B4A-11D0-8D11-00A0C91BC942}") = "05 - 02 Sharpen your pencil", "05 - 02 Sharpen your pencil\05 - 02 Sharpen your pencil.vcxproj", "{9A83298A-5272-4EDC-B146-8FFC71535B02}"
EndProject
Project("{8BC9CEB8-8B4A-11D0-8D11-00A0C91BC942}") = "05 - 03 BE the JVM", "05 - 03 BE the JVM\05 - 03 BE the JVM.vcxproj", "{C0CF3878-3998-45A1-A8ED-D7FE7AE68C9D}"
EndProject
Project("{8BC9CEB8-8B4A-11D0-8D11-00A0C91BC942}") = "05 - 04 Dealing with multithreading", "05 - 04 Dealing with multithreading\05 - 04 Dealing with multithreading.vcxproj", "{44D5C412-A7B5-4A54-9C92-DB77F89F34F9}"
EndProject
Project("{8BC9CEB8-8B4A-11D0-8D11-00A0C91BC942}") = "06 - 01 Our first command object", "06 - 01 Our first command object\06 - 01 Our first command object.vcxproj", "{42BE0E89-503B-4919-8CE4-64423770E6C9}"
EndProject
Project("{8BC9CEB8-8B4A-11D0-8D11-00A0C91BC942}") = "06 - 02 Sharpen your pencil", "06 - 02 Sharpen your pencil\06 - 02 Sharpen your pencil.vcxproj", "{29ADD17E-5B7E-410E-A043-C9DF0765D5E1}"
EndProject
Project("{8BC9CEB8-8B4A-11D0-8D11-00A0C91BC942}") = "06 - 03 Implementing the Remote Control", "06 - 03 Implementing the Remote Control\06 - 03 Implementing the Remote Control.vcxproj", "{942569FB-B706-453F-A800-51F0607533EB}"
EndProject
Project("{8BC9CEB8-8B4A-11D0-8D11-00A0C91BC942}") = "06 - 04 don’t forget undo", "06 - 04 don’t forget undo\06 - 04 don’t forget undo.vcxproj", "{D336ED73-4F08-4D7E-BC10-F71242855A6E}"
EndProject
Project("{8BC9CEB8-8B4A-11D0-8D11-00A0C91BC942}") = "06 - 05 Using state to implement Undo", "06 - 05 Using state to implement Undo\06 - 05 Using state to implement Undo.vcxproj", "{F198D7FE-1368-4251-BFB1-FD5BAEB6CB27}"
EndProject
Project("{8BC9CEB8-8B4A-11D0-8D11-00A0C91BC942}") = "06 - 06 Every remote needs a Party Mode", "06 - 06 Every remote needs a Party Mode\06 - 06 Every remote needs a Party Mode.vcxproj", "{2540BC96-1469-476E-A2D5-3FCAAC10F160}"
EndProject
Project("{8BC9CEB8-8B4A-11D0-8D11-00A0C91BC942}") = "07 - 01 If it walks like a duck", "07 - 01 If it walks like a duck\07 - 01 If it walks like a duck.vcxproj", "{52F26396-A601-4C64-BD37-83B37715EC79}"
EndProject
Project("{8BC9CEB8-8B4A-11D0-8D11-00A0C91BC942}") = "07 - 02 Sharpen your pencil", "07 - 02 Sharpen your pencil\07 - 02 Sharpen your pencil.vcxproj", "{33CC1418-8037-4769-90E0-CD373CF95996}"
EndProject
Project("{8BC9CEB8-8B4A-11D0-8D11-00A0C91BC942}") = "07 - 03 Object and class adapters", "07 - 03 Object and class adapters\07 - 03 Object and class adapters.vcxproj", "{4F5C9EF4-D532-4A88-A4B0-B39F63608C94}"
EndProject
Project("{8BC9CEB8-8B4A-11D0-8D11-00A0C91BC942}") = "07 - 04 Writing the EnumerationIterator adapter", "07 - 04 Writing the EnumerationIterator adapter\07 - 04 Writing the EnumerationIterator adapter.vcxproj", "{DEC4BABF-5BA3-4C6F-9CBB-F55E0B08A739}"
EndProject
Project("{8BC9CEB8-8B4A-11D0-8D11-00A0C91BC942}") = "07 - 05 Constructing your home theater facade", "07 - 05 Constructing your home theater facade\07 - 05 Constructing your home theater facade.vcxproj", "{FA1E47D3-7D59-4A2B-80B5-CCB579E17793}"
EndProject
Project("{8BC9CEB8-8B4A-11D0-8D11-00A0C91BC942}") = "07 - 06 How NOT to Win Friends and Influence Objects", "07 - 06 How NOT to Win Friends and Influence Objects\07 - 06 How NOT to Win Friends and Influence Objects.vcxproj", "{4920CA06-5913-4100-9324-49E45BDA0D14}"
EndProject
Project("{8BC9CEB8-8B4A-11D0-8D11-00A0C91BC942}") = "07 - 07 Keeping your method calls in bounds", "07 - 07 Keeping your method calls in bounds\07 - 07 Keeping your method calls in bounds.vcxproj", "{A4FA18FE-0881-49FB-B431-C43BA6A91E88}"
EndProject
Project("{8BC9CEB8-8B4A-11D0-8D11-00A0C91BC942}") = "07 - 08 Sharpen your pencil", "07 - 08 Sharpen your pencil\07 - 08 Sharpen your pencil.vcxproj", "{606023F0-ECBF-4EC1-8FAD-32CA37C725E2}"
EndProject
Project("{8BC9CEB8-8B4A-11D0-8D11-00A0C91BC942}") = "08 - 01 Whipping up some coffee and tea classes", "08 - 01 Whipping up some coffee and tea classes\08 - 01 Whipping up some coffee and tea classes.vcxproj", "{E87A26A4-250C-4CF0-9B61-7EC605488F8B}"
EndProject
Project("{8BC9CEB8-8B4A-11D0-8D11-00A0C91BC942}") = "08 - 02 Abstracting prepareRecipe", "08 - 02 Abstracting prepareRecipe\08 - 02 Abstracting prepareRecipe.vcxproj", "{4867606A-1A64-4A99-8B40-1B9517A341F9}"
EndProject
Project("{8BC9CEB8-8B4A-11D0-8D11-00A0C91BC942}") = "08 - 03 Hooked on Template Method", "08 - 03 Hooked on Template Method\08 - 03 Hooked on Template Method.vcxproj", "{A7CA46B1-6369-4BDA-9E6F-727AC4CB4243}"
EndProject
Project("{8BC9CEB8-8B4A-11D0-8D11-00A0C91BC942}") = "08 - 04 Sorting with Template Method", "08 - 04 Sorting with Template Method\08 - 04 Sorting with Template Method.vcxproj", "{90FA38C9-223B-4D03-B350-A205780B0660}"
EndProject
Project("{8BC9CEB8-8B4A-11D0-8D11-00A0C91BC942}") = "09 - 01 Check out the Menu Items", "09 - 01 Check out the Menu Items\09 - 01 Check out the Menu Items.vcxproj", "{1838ADA7-1AA8-49FF-B032-ED282B7B7F39}"
EndProject
Project("{8BC9CEB8-8B4A-11D0-8D11-00A0C91BC942}") = "09 - 02 Adding an Iterator to DinerMenu - SUSPENDED", "09 - 02 Adding an Iterator to DinerMenu\09 - 02 Adding an Iterator to DinerMenu.vcxproj", "{340308EF-2C56-4AB6-B4A2-FB6451618C72}"
EndProject
Project("{8BC9CEB8-8B4A-11D0-8D11-00A0C91BC942}") = "09 - 03 Give me the vegetarian menu", "09 - 03 Give me the vegetarian menu\09 - 03 Give me the vegetarian menu.vcxproj", "{A6A9A743-C2C3-4BAA-B17A-C85C30FF1003}"
EndProject
Project("{8BC9CEB8-8B4A-11D0-8D11-00A0C91BC942}") = "10 - 01 Writing the code", "10 - 01 Writing the code\10 - 01 Writing the code.vcxproj", "{FBD216F0-7BD5-46DC-991D-02B5A897B054}"
EndProject
Project("{8BC9CEB8-8B4A-11D0-8D11-00A0C91BC942}") = "10 - 02 Implementing our State classes - Raw pointer", "10 - 02 Implementing our State classes - Raw pointer\10 - 02 Implementing our State classes - Raw pointer.vcxproj", "{9452DB21-E98A-42A0-A8D7-BC6E0013BCC4}"
EndProject
Project("{8BC9CEB8-8B4A-11D0-8D11-00A0C91BC942}") = "10 - 03 Implementing our State classes", "10 - 03 Implementing our State classes\10 - 03 Implementing our State classes.vcxproj", "{767E140E-C87D-4689-B060-DC89AD6A6E75}"
EndProject
Project("{8BC9CEB8-8B4A-11D0-8D11-00A0C91BC942}") = "10 - 04 We still need to finish the Gumball 1 in 10 game", "10 - 04 We still need to finish the Gumball 1 in 10 game\10 - 04 We still need to finish the Gumball 1 in 10 game.vcxproj", "{257945D2-B994-4C03-B99A-6EAED052927C}"
EndProject
Project("{8BC9CEB8-8B4A-11D0-8D11-00A0C91BC942}") = "10 - 05 Sharpen your pencil", "10 - 05 Sharpen your pencil\10 - 05 Sharpen your pencil.vcxproj", "{CA632F2D-DA31-4FAE-BE1D-1154E8AB404E}"
EndProject
Project("{8BC9CEB8-8B4A-11D0-8D11-00A0C91BC942}") = "11 - 01 Coding the Monitor", "11 - 01 Coding the Monitor\11 - 01 Coding the Monitor.vcxproj", "{CF6EAF4F-1D22-4963-B8C6-BAD6B99AB6BA}"
EndProject
Project("{8BC9CEB8-8B4A-11D0-8D11-00A0C91BC942}") = "11 - 02 The role of the remote proxy", "11 - 02 The role of the remote proxy\11 - 02 The role of the remote proxy.vcxproj", "{34FC4EB7-3E5D-43F7-B7BC-1012FC89BF59}"
EndProject
Project("{8BC9CEB8-8B4A-11D0-8D11-00A0C91BC942}") = "11 - 03 The role of the remote proxy - Raw pointer", "11 - 03 The role of the remote proxy - Raw pointer\11 - 03 The role of the remote proxy - Raw pointer.vcxproj", "{9FBA7AED-B14E-4DDA-BEB6-F76AEA206EA6}"
EndProject
Project("{8BC9CEB8-8B4A-11D0-8D11-00A0C91BC942}") = "11 - 04 Get ready for Virtual Proxy", "11 - 04 Get ready for Virtual Proxy\11 - 04 Get ready for Virtual Proxy.vcxproj", "{760C4543-1898-4100-B75F-79FDD23F5ED7}"
EndProject
Project("{8BC9CEB8-8B4A-11D0-8D11-00A0C91BC942}") = "11 - 05 Using the Java API's Proxy to create a protection proxy", "11 - 05 Using the Java API's Proxy to create a protection proxy\11 - 05 Using the Java API's Proxy to create a protection proxy.vcxproj", "{05D6CB96-DDD3-4396-ABBA-AA3E9346810F}"
EndProject
Global
	GlobalSection(SolutionConfigurationPlatforms) = preSolution
		Debug|x64 = Debug|x64
		Debug|x86 = Debug|x86
		Release|x64 = Release|x64
		Release|x86 = Release|x86
	EndGlobalSection
	GlobalSection(ProjectConfigurationPlatforms) = postSolution
		{1759B4A3-1FDD-4600-B35C-6B06BCBD4EC8}.Debug|x64.ActiveCfg = Debug|x64
		{1759B4A3-1FDD-4600-B35C-6B06BCBD4EC8}.Debug|x64.Build.0 = Debug|x64
		{1759B4A3-1FDD-4600-B35C-6B06BCBD4EC8}.Debug|x86.ActiveCfg = Debug|Win32
		{1759B4A3-1FDD-4600-B35C-6B06BCBD4EC8}.Debug|x86.Build.0 = Debug|Win32
		{1759B4A3-1FDD-4600-B35C-6B06BCBD4EC8}.Release|x64.ActiveCfg = Release|x64
		{1759B4A3-1FDD-4600-B35C-6B06BCBD4EC8}.Release|x64.Build.0 = Release|x64
		{1759B4A3-1FDD-4600-B35C-6B06BCBD4EC8}.Release|x86.ActiveCfg = Release|Win32
		{1759B4A3-1FDD-4600-B35C-6B06BCBD4EC8}.Release|x86.Build.0 = Release|Win32
		{EE75C758-E8D1-491D-847C-13C2E6F4AF56}.Debug|x64.ActiveCfg = Debug|x64
		{EE75C758-E8D1-491D-847C-13C2E6F4AF56}.Debug|x64.Build.0 = Debug|x64
		{EE75C758-E8D1-491D-847C-13C2E6F4AF56}.Debug|x86.ActiveCfg = Debug|Win32
		{EE75C758-E8D1-491D-847C-13C2E6F4AF56}.Debug|x86.Build.0 = Debug|Win32
		{EE75C758-E8D1-491D-847C-13C2E6F4AF56}.Release|x64.ActiveCfg = Release|x64
		{EE75C758-E8D1-491D-847C-13C2E6F4AF56}.Release|x64.Build.0 = Release|x64
		{EE75C758-E8D1-491D-847C-13C2E6F4AF56}.Release|x86.ActiveCfg = Release|Win32
		{EE75C758-E8D1-491D-847C-13C2E6F4AF56}.Release|x86.Build.0 = Release|Win32
		{306BA0F6-EAB9-4465-B2D9-A032E85BFC94}.Debug|x64.ActiveCfg = Debug|x64
		{306BA0F6-EAB9-4465-B2D9-A032E85BFC94}.Debug|x64.Build.0 = Debug|x64
		{306BA0F6-EAB9-4465-B2D9-A032E85BFC94}.Debug|x86.ActiveCfg = Debug|Win32
		{306BA0F6-EAB9-4465-B2D9-A032E85BFC94}.Debug|x86.Build.0 = Debug|Win32
		{306BA0F6-EAB9-4465-B2D9-A032E85BFC94}.Release|x64.ActiveCfg = Release|x64
		{306BA0F6-EAB9-4465-B2D9-A032E85BFC94}.Release|x64.Build.0 = Release|x64
		{306BA0F6-EAB9-4465-B2D9-A032E85BFC94}.Release|x86.ActiveCfg = Release|Win32
		{306BA0F6-EAB9-4465-B2D9-A032E85BFC94}.Release|x86.Build.0 = Release|Win32
		{9634A3BD-DEA5-4072-ABE5-8961FA3181B0}.Debug|x64.ActiveCfg = Debug|x64
		{9634A3BD-DEA5-4072-ABE5-8961FA3181B0}.Debug|x64.Build.0 = Debug|x64
		{9634A3BD-DEA5-4072-ABE5-8961FA3181B0}.Debug|x86.ActiveCfg = Debug|Win32
		{9634A3BD-DEA5-4072-ABE5-8961FA3181B0}.Debug|x86.Build.0 = Debug|Win32
		{9634A3BD-DEA5-4072-ABE5-8961FA3181B0}.Release|x64.ActiveCfg = Release|x64
		{9634A3BD-DEA5-4072-ABE5-8961FA3181B0}.Release|x64.Build.0 = Release|x64
		{9634A3BD-DEA5-4072-ABE5-8961FA3181B0}.Release|x86.ActiveCfg = Release|Win32
		{9634A3BD-DEA5-4072-ABE5-8961FA3181B0}.Release|x86.Build.0 = Release|Win32
		{2273BA1E-93D9-4160-92EF-B3E1439B2BAA}.Debug|x64.ActiveCfg = Debug|x64
		{2273BA1E-93D9-4160-92EF-B3E1439B2BAA}.Debug|x64.Build.0 = Debug|x64
		{2273BA1E-93D9-4160-92EF-B3E1439B2BAA}.Debug|x86.ActiveCfg = Debug|Win32
		{2273BA1E-93D9-4160-92EF-B3E1439B2BAA}.Debug|x86.Build.0 = Debug|Win32
		{2273BA1E-93D9-4160-92EF-B3E1439B2BAA}.Release|x64.ActiveCfg = Release|x64
		{2273BA1E-93D9-4160-92EF-B3E1439B2BAA}.Release|x64.Build.0 = Release|x64
		{2273BA1E-93D9-4160-92EF-B3E1439B2BAA}.Release|x86.ActiveCfg = Release|Win32
		{2273BA1E-93D9-4160-92EF-B3E1439B2BAA}.Release|x86.Build.0 = Release|Win32
		{246C5C0A-26F8-4899-B57D-CAB67AA36D58}.Debug|x64.ActiveCfg = Debug|x64
		{246C5C0A-26F8-4899-B57D-CAB67AA36D58}.Debug|x64.Build.0 = Debug|x64
		{246C5C0A-26F8-4899-B57D-CAB67AA36D58}.Debug|x86.ActiveCfg = Debug|Win32
		{246C5C0A-26F8-4899-B57D-CAB67AA36D58}.Debug|x86.Build.0 = Debug|Win32
		{246C5C0A-26F8-4899-B57D-CAB67AA36D58}.Release|x64.ActiveCfg = Release|x64
		{246C5C0A-26F8-4899-B57D-CAB67AA36D58}.Release|x64.Build.0 = Release|x64
		{246C5C0A-26F8-4899-B57D-CAB67AA36D58}.Release|x86.ActiveCfg = Release|Win32
		{246C5C0A-26F8-4899-B57D-CAB67AA36D58}.Release|x86.Build.0 = Release|Win32
		{8FB50FCD-1940-421C-819D-77A94356222B}.Debug|x64.ActiveCfg = Debug|x64
		{8FB50FCD-1940-421C-819D-77A94356222B}.Debug|x64.Build.0 = Debug|x64
		{8FB50FCD-1940-421C-819D-77A94356222B}.Debug|x86.ActiveCfg = Debug|Win32
		{8FB50FCD-1940-421C-819D-77A94356222B}.Debug|x86.Build.0 = Debug|Win32
		{8FB50FCD-1940-421C-819D-77A94356222B}.Release|x64.ActiveCfg = Release|x64
		{8FB50FCD-1940-421C-819D-77A94356222B}.Release|x64.Build.0 = Release|x64
		{8FB50FCD-1940-421C-819D-77A94356222B}.Release|x86.ActiveCfg = Release|Win32
		{8FB50FCD-1940-421C-819D-77A94356222B}.Release|x86.Build.0 = Release|Win32
		{C76CED7B-2671-43FC-BD57-840873A50946}.Debug|x64.ActiveCfg = Debug|x64
		{C76CED7B-2671-43FC-BD57-840873A50946}.Debug|x64.Build.0 = Debug|x64
		{C76CED7B-2671-43FC-BD57-840873A50946}.Debug|x86.ActiveCfg = Debug|Win32
		{C76CED7B-2671-43FC-BD57-840873A50946}.Debug|x86.Build.0 = Debug|Win32
		{C76CED7B-2671-43FC-BD57-840873A50946}.Release|x64.ActiveCfg = Release|x64
		{C76CED7B-2671-43FC-BD57-840873A50946}.Release|x64.Build.0 = Release|x64
		{C76CED7B-2671-43FC-BD57-840873A50946}.Release|x86.ActiveCfg = Release|Win32
		{C76CED7B-2671-43FC-BD57-840873A50946}.Release|x86.Build.0 = Release|Win32
		{2AE4D12F-8543-433D-B648-C30A5F49F80C}.Debug|x64.ActiveCfg = Debug|x64
		{2AE4D12F-8543-433D-B648-C30A5F49F80C}.Debug|x64.Build.0 = Debug|x64
		{2AE4D12F-8543-433D-B648-C30A5F49F80C}.Debug|x86.ActiveCfg = Debug|Win32
		{2AE4D12F-8543-433D-B648-C30A5F49F80C}.Debug|x86.Build.0 = Debug|Win32
		{2AE4D12F-8543-433D-B648-C30A5F49F80C}.Release|x64.ActiveCfg = Release|x64
		{2AE4D12F-8543-433D-B648-C30A5F49F80C}.Release|x64.Build.0 = Release|x64
		{2AE4D12F-8543-433D-B648-C30A5F49F80C}.Release|x86.ActiveCfg = Release|Win32
		{2AE4D12F-8543-433D-B648-C30A5F49F80C}.Release|x86.Build.0 = Release|Win32
		{9A83298A-5272-4EDC-B146-8FFC71535B02}.Debug|x64.ActiveCfg = Debug|x64
		{9A83298A-5272-4EDC-B146-8FFC71535B02}.Debug|x64.Build.0 = Debug|x64
		{9A83298A-5272-4EDC-B146-8FFC71535B02}.Debug|x86.ActiveCfg = Debug|Win32
		{9A83298A-5272-4EDC-B146-8FFC71535B02}.Debug|x86.Build.0 = Debug|Win32
		{9A83298A-5272-4EDC-B146-8FFC71535B02}.Release|x64.ActiveCfg = Release|x64
		{9A83298A-5272-4EDC-B146-8FFC71535B02}.Release|x64.Build.0 = Release|x64
		{9A83298A-5272-4EDC-B146-8FFC71535B02}.Release|x86.ActiveCfg = Release|Win32
		{9A83298A-5272-4EDC-B146-8FFC71535B02}.Release|x86.Build.0 = Release|Win32
		{C0CF3878-3998-45A1-A8ED-D7FE7AE68C9D}.Debug|x64.ActiveCfg = Debug|x64
		{C0CF3878-3998-45A1-A8ED-D7FE7AE68C9D}.Debug|x64.Build.0 = Debug|x64
		{C0CF3878-3998-45A1-A8ED-D7FE7AE68C9D}.Debug|x86.ActiveCfg = Debug|Win32
		{C0CF3878-3998-45A1-A8ED-D7FE7AE68C9D}.Debug|x86.Build.0 = Debug|Win32
		{C0CF3878-3998-45A1-A8ED-D7FE7AE68C9D}.Release|x64.ActiveCfg = Release|x64
		{C0CF3878-3998-45A1-A8ED-D7FE7AE68C9D}.Release|x64.Build.0 = Release|x64
		{C0CF3878-3998-45A1-A8ED-D7FE7AE68C9D}.Release|x86.ActiveCfg = Release|Win32
		{C0CF3878-3998-45A1-A8ED-D7FE7AE68C9D}.Release|x86.Build.0 = Release|Win32
		{44D5C412-A7B5-4A54-9C92-DB77F89F34F9}.Debug|x64.ActiveCfg = Debug|x64
		{44D5C412-A7B5-4A54-9C92-DB77F89F34F9}.Debug|x64.Build.0 = Debug|x64
		{44D5C412-A7B5-4A54-9C92-DB77F89F34F9}.Debug|x86.ActiveCfg = Debug|Win32
		{44D5C412-A7B5-4A54-9C92-DB77F89F34F9}.Debug|x86.Build.0 = Debug|Win32
		{44D5C412-A7B5-4A54-9C92-DB77F89F34F9}.Release|x64.ActiveCfg = Release|x64
		{44D5C412-A7B5-4A54-9C92-DB77F89F34F9}.Release|x64.Build.0 = Release|x64
		{44D5C412-A7B5-4A54-9C92-DB77F89F34F9}.Release|x86.ActiveCfg = Release|Win32
		{44D5C412-A7B5-4A54-9C92-DB77F89F34F9}.Release|x86.Build.0 = Release|Win32
		{42BE0E89-503B-4919-8CE4-64423770E6C9}.Debug|x64.ActiveCfg = Debug|x64
		{42BE0E89-503B-4919-8CE4-64423770E6C9}.Debug|x64.Build.0 = Debug|x64
		{42BE0E89-503B-4919-8CE4-64423770E6C9}.Debug|x86.ActiveCfg = Debug|Win32
		{42BE0E89-503B-4919-8CE4-64423770E6C9}.Debug|x86.Build.0 = Debug|Win32
		{42BE0E89-503B-4919-8CE4-64423770E6C9}.Release|x64.ActiveCfg = Release|x64
		{42BE0E89-503B-4919-8CE4-64423770E6C9}.Release|x64.Build.0 = Release|x64
		{42BE0E89-503B-4919-8CE4-64423770E6C9}.Release|x86.ActiveCfg = Release|Win32
		{42BE0E89-503B-4919-8CE4-64423770E6C9}.Release|x86.Build.0 = Release|Win32
		{29ADD17E-5B7E-410E-A043-C9DF0765D5E1}.Debug|x64.ActiveCfg = Debug|x64
		{29ADD17E-5B7E-410E-A043-C9DF0765D5E1}.Debug|x64.Build.0 = Debug|x64
		{29ADD17E-5B7E-410E-A043-C9DF0765D5E1}.Debug|x86.ActiveCfg = Debug|Win32
		{29ADD17E-5B7E-410E-A043-C9DF0765D5E1}.Debug|x86.Build.0 = Debug|Win32
		{29ADD17E-5B7E-410E-A043-C9DF0765D5E1}.Release|x64.ActiveCfg = Release|x64
		{29ADD17E-5B7E-410E-A043-C9DF0765D5E1}.Release|x64.Build.0 = Release|x64
		{29ADD17E-5B7E-410E-A043-C9DF0765D5E1}.Release|x86.ActiveCfg = Release|Win32
		{29ADD17E-5B7E-410E-A043-C9DF0765D5E1}.Release|x86.Build.0 = Release|Win32
		{942569FB-B706-453F-A800-51F0607533EB}.Debug|x64.ActiveCfg = Debug|x64
		{942569FB-B706-453F-A800-51F0607533EB}.Debug|x64.Build.0 = Debug|x64
		{942569FB-B706-453F-A800-51F0607533EB}.Debug|x86.ActiveCfg = Debug|Win32
		{942569FB-B706-453F-A800-51F0607533EB}.Debug|x86.Build.0 = Debug|Win32
		{942569FB-B706-453F-A800-51F0607533EB}.Release|x64.ActiveCfg = Release|x64
		{942569FB-B706-453F-A800-51F0607533EB}.Release|x64.Build.0 = Release|x64
		{942569FB-B706-453F-A800-51F0607533EB}.Release|x86.ActiveCfg = Release|Win32
		{942569FB-B706-453F-A800-51F0607533EB}.Release|x86.Build.0 = Release|Win32
		{D336ED73-4F08-4D7E-BC10-F71242855A6E}.Debug|x64.ActiveCfg = Debug|x64
		{D336ED73-4F08-4D7E-BC10-F71242855A6E}.Debug|x64.Build.0 = Debug|x64
		{D336ED73-4F08-4D7E-BC10-F71242855A6E}.Debug|x86.ActiveCfg = Debug|Win32
		{D336ED73-4F08-4D7E-BC10-F71242855A6E}.Debug|x86.Build.0 = Debug|Win32
		{D336ED73-4F08-4D7E-BC10-F71242855A6E}.Release|x64.ActiveCfg = Release|x64
		{D336ED73-4F08-4D7E-BC10-F71242855A6E}.Release|x64.Build.0 = Release|x64
		{D336ED73-4F08-4D7E-BC10-F71242855A6E}.Release|x86.ActiveCfg = Release|Win32
		{D336ED73-4F08-4D7E-BC10-F71242855A6E}.Release|x86.Build.0 = Release|Win32
		{F198D7FE-1368-4251-BFB1-FD5BAEB6CB27}.Debug|x64.ActiveCfg = Debug|x64
		{F198D7FE-1368-4251-BFB1-FD5BAEB6CB27}.Debug|x64.Build.0 = Debug|x64
		{F198D7FE-1368-4251-BFB1-FD5BAEB6CB27}.Debug|x86.ActiveCfg = Debug|Win32
		{F198D7FE-1368-4251-BFB1-FD5BAEB6CB27}.Debug|x86.Build.0 = Debug|Win32
		{F198D7FE-1368-4251-BFB1-FD5BAEB6CB27}.Release|x64.ActiveCfg = Release|x64
		{F198D7FE-1368-4251-BFB1-FD5BAEB6CB27}.Release|x64.Build.0 = Release|x64
		{F198D7FE-1368-4251-BFB1-FD5BAEB6CB27}.Release|x86.ActiveCfg = Release|Win32
		{F198D7FE-1368-4251-BFB1-FD5BAEB6CB27}.Release|x86.Build.0 = Release|Win32
		{2540BC96-1469-476E-A2D5-3FCAAC10F160}.Debug|x64.ActiveCfg = Debug|x64
		{2540BC96-1469-476E-A2D5-3FCAAC10F160}.Debug|x64.Build.0 = Debug|x64
		{2540BC96-1469-476E-A2D5-3FCAAC10F160}.Debug|x86.ActiveCfg = Debug|Win32
		{2540BC96-1469-476E-A2D5-3FCAAC10F160}.Debug|x86.Build.0 = Debug|Win32
		{2540BC96-1469-476E-A2D5-3FCAAC10F160}.Release|x64.ActiveCfg = Release|x64
		{2540BC96-1469-476E-A2D5-3FCAAC10F160}.Release|x64.Build.0 = Release|x64
		{2540BC96-1469-476E-A2D5-3FCAAC10F160}.Release|x86.ActiveCfg = Release|Win32
		{2540BC96-1469-476E-A2D5-3FCAAC10F160}.Release|x86.Build.0 = Release|Win32
		{52F26396-A601-4C64-BD37-83B37715EC79}.Debug|x64.ActiveCfg = Debug|x64
		{52F26396-A601-4C64-BD37-83B37715EC79}.Debug|x64.Build.0 = Debug|x64
		{52F26396-A601-4C64-BD37-83B37715EC79}.Debug|x86.ActiveCfg = Debug|Win32
		{52F26396-A601-4C64-BD37-83B37715EC79}.Debug|x86.Build.0 = Debug|Win32
		{52F26396-A601-4C64-BD37-83B37715EC79}.Release|x64.ActiveCfg = Release|x64
		{52F26396-A601-4C64-BD37-83B37715EC79}.Release|x64.Build.0 = Release|x64
		{52F26396-A601-4C64-BD37-83B37715EC79}.Release|x86.ActiveCfg = Release|Win32
		{52F26396-A601-4C64-BD37-83B37715EC79}.Release|x86.Build.0 = Release|Win32
		{33CC1418-8037-4769-90E0-CD373CF95996}.Debug|x64.ActiveCfg = Debug|x64
		{33CC1418-8037-4769-90E0-CD373CF95996}.Debug|x64.Build.0 = Debug|x64
		{33CC1418-8037-4769-90E0-CD373CF95996}.Debug|x86.ActiveCfg = Debug|Win32
		{33CC1418-8037-4769-90E0-CD373CF95996}.Debug|x86.Build.0 = Debug|Win32
		{33CC1418-8037-4769-90E0-CD373CF95996}.Release|x64.ActiveCfg = Release|x64
		{33CC1418-8037-4769-90E0-CD373CF95996}.Release|x64.Build.0 = Release|x64
		{33CC1418-8037-4769-90E0-CD373CF95996}.Release|x86.ActiveCfg = Release|Win32
		{33CC1418-8037-4769-90E0-CD373CF95996}.Release|x86.Build.0 = Release|Win32
		{4F5C9EF4-D532-4A88-A4B0-B39F63608C94}.Debug|x64.ActiveCfg = Debug|x64
		{4F5C9EF4-D532-4A88-A4B0-B39F63608C94}.Debug|x64.Build.0 = Debug|x64
		{4F5C9EF4-D532-4A88-A4B0-B39F63608C94}.Debug|x86.ActiveCfg = Debug|Win32
		{4F5C9EF4-D532-4A88-A4B0-B39F63608C94}.Debug|x86.Build.0 = Debug|Win32
		{4F5C9EF4-D532-4A88-A4B0-B39F63608C94}.Release|x64.ActiveCfg = Release|x64
		{4F5C9EF4-D532-4A88-A4B0-B39F63608C94}.Release|x64.Build.0 = Release|x64
		{4F5C9EF4-D532-4A88-A4B0-B39F63608C94}.Release|x86.ActiveCfg = Release|Win32
		{4F5C9EF4-D532-4A88-A4B0-B39F63608C94}.Release|x86.Build.0 = Release|Win32
		{DEC4BABF-5BA3-4C6F-9CBB-F55E0B08A739}.Debug|x64.ActiveCfg = Debug|x64
		{DEC4BABF-5BA3-4C6F-9CBB-F55E0B08A739}.Debug|x64.Build.0 = Debug|x64
		{DEC4BABF-5BA3-4C6F-9CBB-F55E0B08A739}.Debug|x86.ActiveCfg = Debug|Win32
		{DEC4BABF-5BA3-4C6F-9CBB-F55E0B08A739}.Debug|x86.Build.0 = Debug|Win32
		{DEC4BABF-5BA3-4C6F-9CBB-F55E0B08A739}.Release|x64.ActiveCfg = Release|x64
		{DEC4BABF-5BA3-4C6F-9CBB-F55E0B08A739}.Release|x64.Build.0 = Release|x64
		{DEC4BABF-5BA3-4C6F-9CBB-F55E0B08A739}.Release|x86.ActiveCfg = Release|Win32
		{DEC4BABF-5BA3-4C6F-9CBB-F55E0B08A739}.Release|x86.Build.0 = Release|Win32
		{FA1E47D3-7D59-4A2B-80B5-CCB579E17793}.Debug|x64.ActiveCfg = Debug|x64
		{FA1E47D3-7D59-4A2B-80B5-CCB579E17793}.Debug|x64.Build.0 = Debug|x64
		{FA1E47D3-7D59-4A2B-80B5-CCB579E17793}.Debug|x86.ActiveCfg = Debug|Win32
		{FA1E47D3-7D59-4A2B-80B5-CCB579E17793}.Debug|x86.Build.0 = Debug|Win32
		{FA1E47D3-7D59-4A2B-80B5-CCB579E17793}.Release|x64.ActiveCfg = Release|x64
		{FA1E47D3-7D59-4A2B-80B5-CCB579E17793}.Release|x64.Build.0 = Release|x64
		{FA1E47D3-7D59-4A2B-80B5-CCB579E17793}.Release|x86.ActiveCfg = Release|Win32
		{FA1E47D3-7D59-4A2B-80B5-CCB579E17793}.Release|x86.Build.0 = Release|Win32
		{4920CA06-5913-4100-9324-49E45BDA0D14}.Debug|x64.ActiveCfg = Debug|x64
		{4920CA06-5913-4100-9324-49E45BDA0D14}.Debug|x64.Build.0 = Debug|x64
		{4920CA06-5913-4100-9324-49E45BDA0D14}.Debug|x86.ActiveCfg = Debug|Win32
		{4920CA06-5913-4100-9324-49E45BDA0D14}.Debug|x86.Build.0 = Debug|Win32
		{4920CA06-5913-4100-9324-49E45BDA0D14}.Release|x64.ActiveCfg = Release|x64
		{4920CA06-5913-4100-9324-49E45BDA0D14}.Release|x64.Build.0 = Release|x64
		{4920CA06-5913-4100-9324-49E45BDA0D14}.Release|x86.ActiveCfg = Release|Win32
		{4920CA06-5913-4100-9324-49E45BDA0D14}.Release|x86.Build.0 = Release|Win32
		{A4FA18FE-0881-49FB-B431-C43BA6A91E88}.Debug|x64.ActiveCfg = Debug|x64
		{A4FA18FE-0881-49FB-B431-C43BA6A91E88}.Debug|x64.Build.0 = Debug|x64
		{A4FA18FE-0881-49FB-B431-C43BA6A91E88}.Debug|x86.ActiveCfg = Debug|Win32
		{A4FA18FE-0881-49FB-B431-C43BA6A91E88}.Debug|x86.Build.0 = Debug|Win32
		{A4FA18FE-0881-49FB-B431-C43BA6A91E88}.Release|x64.ActiveCfg = Release|x64
		{A4FA18FE-0881-49FB-B431-C43BA6A91E88}.Release|x64.Build.0 = Release|x64
		{A4FA18FE-0881-49FB-B431-C43BA6A91E88}.Release|x86.ActiveCfg = Release|Win32
		{A4FA18FE-0881-49FB-B431-C43BA6A91E88}.Release|x86.Build.0 = Release|Win32
		{606023F0-ECBF-4EC1-8FAD-32CA37C725E2}.Debug|x64.ActiveCfg = Debug|x64
		{606023F0-ECBF-4EC1-8FAD-32CA37C725E2}.Debug|x64.Build.0 = Debug|x64
		{606023F0-ECBF-4EC1-8FAD-32CA37C725E2}.Debug|x86.ActiveCfg = Debug|Win32
		{606023F0-ECBF-4EC1-8FAD-32CA37C725E2}.Debug|x86.Build.0 = Debug|Win32
		{606023F0-ECBF-4EC1-8FAD-32CA37C725E2}.Release|x64.ActiveCfg = Release|x64
		{606023F0-ECBF-4EC1-8FAD-32CA37C725E2}.Release|x64.Build.0 = Release|x64
		{606023F0-ECBF-4EC1-8FAD-32CA37C725E2}.Release|x86.ActiveCfg = Release|Win32
		{606023F0-ECBF-4EC1-8FAD-32CA37C725E2}.Release|x86.Build.0 = Release|Win32
		{E87A26A4-250C-4CF0-9B61-7EC605488F8B}.Debug|x64.ActiveCfg = Debug|x64
		{E87A26A4-250C-4CF0-9B61-7EC605488F8B}.Debug|x64.Build.0 = Debug|x64
		{E87A26A4-250C-4CF0-9B61-7EC605488F8B}.Debug|x86.ActiveCfg = Debug|Win32
		{E87A26A4-250C-4CF0-9B61-7EC605488F8B}.Debug|x86.Build.0 = Debug|Win32
		{E87A26A4-250C-4CF0-9B61-7EC605488F8B}.Release|x64.ActiveCfg = Release|x64
		{E87A26A4-250C-4CF0-9B61-7EC605488F8B}.Release|x64.Build.0 = Release|x64
		{E87A26A4-250C-4CF0-9B61-7EC605488F8B}.Release|x86.ActiveCfg = Release|Win32
		{E87A26A4-250C-4CF0-9B61-7EC605488F8B}.Release|x86.Build.0 = Release|Win32
		{4867606A-1A64-4A99-8B40-1B9517A341F9}.Debug|x64.ActiveCfg = Debug|x64
		{4867606A-1A64-4A99-8B40-1B9517A341F9}.Debug|x64.Build.0 = Debug|x64
		{4867606A-1A64-4A99-8B40-1B9517A341F9}.Debug|x86.ActiveCfg = Debug|Win32
		{4867606A-1A64-4A99-8B40-1B9517A341F9}.Debug|x86.Build.0 = Debug|Win32
		{4867606A-1A64-4A99-8B40-1B9517A341F9}.Release|x64.ActiveCfg = Release|x64
		{4867606A-1A64-4A99-8B40-1B9517A341F9}.Release|x64.Build.0 = Release|x64
		{4867606A-1A64-4A99-8B40-1B9517A341F9}.Release|x86.ActiveCfg = Release|Win32
		{4867606A-1A64-4A99-8B40-1B9517A341F9}.Release|x86.Build.0 = Release|Win32
		{A7CA46B1-6369-4BDA-9E6F-727AC4CB4243}.Debug|x64.ActiveCfg = Debug|x64
		{A7CA46B1-6369-4BDA-9E6F-727AC4CB4243}.Debug|x64.Build.0 = Debug|x64
		{A7CA46B1-6369-4BDA-9E6F-727AC4CB4243}.Debug|x86.ActiveCfg = Debug|Win32
		{A7CA46B1-6369-4BDA-9E6F-727AC4CB4243}.Debug|x86.Build.0 = Debug|Win32
		{A7CA46B1-6369-4BDA-9E6F-727AC4CB4243}.Release|x64.ActiveCfg = Release|x64
		{A7CA46B1-6369-4BDA-9E6F-727AC4CB4243}.Release|x64.Build.0 = Release|x64
		{A7CA46B1-6369-4BDA-9E6F-727AC4CB4243}.Release|x86.ActiveCfg = Release|Win32
		{A7CA46B1-6369-4BDA-9E6F-727AC4CB4243}.Release|x86.Build.0 = Release|Win32
		{90FA38C9-223B-4D03-B350-A205780B0660}.Debug|x64.ActiveCfg = Debug|x64
		{90FA38C9-223B-4D03-B350-A205780B0660}.Debug|x64.Build.0 = Debug|x64
		{90FA38C9-223B-4D03-B350-A205780B0660}.Debug|x86.ActiveCfg = Debug|Win32
		{90FA38C9-223B-4D03-B350-A205780B0660}.Debug|x86.Build.0 = Debug|Win32
		{90FA38C9-223B-4D03-B350-A205780B0660}.Release|x64.ActiveCfg = Release|x64
		{90FA38C9-223B-4D03-B350-A205780B0660}.Release|x64.Build.0 = Release|x64
		{90FA38C9-223B-4D03-B350-A205780B0660}.Release|x86.ActiveCfg = Release|Win32
		{90FA38C9-223B-4D03-B350-A205780B0660}.Release|x86.Build.0 = Release|Win32
		{1838ADA7-1AA8-49FF-B032-ED282B7B7F39}.Debug|x64.ActiveCfg = Debug|x64
		{1838ADA7-1AA8-49FF-B032-ED282B7B7F39}.Debug|x64.Build.0 = Debug|x64
		{1838ADA7-1AA8-49FF-B032-ED282B7B7F39}.Debug|x86.ActiveCfg = Debug|Win32
		{1838ADA7-1AA8-49FF-B032-ED282B7B7F39}.Debug|x86.Build.0 = Debug|Win32
		{1838ADA7-1AA8-49FF-B032-ED282B7B7F39}.Release|x64.ActiveCfg = Release|x64
		{1838ADA7-1AA8-49FF-B032-ED282B7B7F39}.Release|x64.Build.0 = Release|x64
		{1838ADA7-1AA8-49FF-B032-ED282B7B7F39}.Release|x86.ActiveCfg = Release|Win32
		{1838ADA7-1AA8-49FF-B032-ED282B7B7F39}.Release|x86.Build.0 = Release|Win32
		{340308EF-2C56-4AB6-B4A2-FB6451618C72}.Debug|x64.ActiveCfg = Debug|x64
		{340308EF-2C56-4AB6-B4A2-FB6451618C72}.Debug|x64.Build.0 = Debug|x64
		{340308EF-2C56-4AB6-B4A2-FB6451618C72}.Debug|x86.ActiveCfg = Debug|Win32
		{340308EF-2C56-4AB6-B4A2-FB6451618C72}.Debug|x86.Build.0 = Debug|Win32
		{340308EF-2C56-4AB6-B4A2-FB6451618C72}.Release|x64.ActiveCfg = Release|x64
		{340308EF-2C56-4AB6-B4A2-FB6451618C72}.Release|x64.Build.0 = Release|x64
		{340308EF-2C56-4AB6-B4A2-FB6451618C72}.Release|x86.ActiveCfg = Release|Win32
		{340308EF-2C56-4AB6-B4A2-FB6451618C72}.Release|x86.Build.0 = Release|Win32
		{A6A9A743-C2C3-4BAA-B17A-C85C30FF1003}.Debug|x64.ActiveCfg = Debug|x64
		{A6A9A743-C2C3-4BAA-B17A-C85C30FF1003}.Debug|x64.Build.0 = Debug|x64
		{A6A9A743-C2C3-4BAA-B17A-C85C30FF1003}.Debug|x86.ActiveCfg = Debug|Win32
		{A6A9A743-C2C3-4BAA-B17A-C85C30FF1003}.Debug|x86.Build.0 = Debug|Win32
		{A6A9A743-C2C3-4BAA-B17A-C85C30FF1003}.Release|x64.ActiveCfg = Release|x64
		{A6A9A743-C2C3-4BAA-B17A-C85C30FF1003}.Release|x64.Build.0 = Release|x64
		{A6A9A743-C2C3-4BAA-B17A-C85C30FF1003}.Release|x86.ActiveCfg = Release|Win32
		{A6A9A743-C2C3-4BAA-B17A-C85C30FF1003}.Release|x86.Build.0 = Release|Win32
		{FBD216F0-7BD5-46DC-991D-02B5A897B054}.Debug|x64.ActiveCfg = Debug|x64
		{FBD216F0-7BD5-46DC-991D-02B5A897B054}.Debug|x64.Build.0 = Debug|x64
		{FBD216F0-7BD5-46DC-991D-02B5A897B054}.Debug|x86.ActiveCfg = Debug|Win32
		{FBD216F0-7BD5-46DC-991D-02B5A897B054}.Debug|x86.Build.0 = Debug|Win32
		{FBD216F0-7BD5-46DC-991D-02B5A897B054}.Release|x64.ActiveCfg = Release|x64
		{FBD216F0-7BD5-46DC-991D-02B5A897B054}.Release|x64.Build.0 = Release|x64
		{FBD216F0-7BD5-46DC-991D-02B5A897B054}.Release|x86.ActiveCfg = Release|Win32
		{FBD216F0-7BD5-46DC-991D-02B5A897B054}.Release|x86.Build.0 = Release|Win32
		{9452DB21-E98A-42A0-A8D7-BC6E0013BCC4}.Debug|x64.ActiveCfg = Debug|x64
		{9452DB21-E98A-42A0-A8D7-BC6E0013BCC4}.Debug|x64.Build.0 = Debug|x64
		{9452DB21-E98A-42A0-A8D7-BC6E0013BCC4}.Debug|x86.ActiveCfg = Debug|Win32
		{9452DB21-E98A-42A0-A8D7-BC6E0013BCC4}.Debug|x86.Build.0 = Debug|Win32
		{9452DB21-E98A-42A0-A8D7-BC6E0013BCC4}.Release|x64.ActiveCfg = Release|x64
		{9452DB21-E98A-42A0-A8D7-BC6E0013BCC4}.Release|x64.Build.0 = Release|x64
		{9452DB21-E98A-42A0-A8D7-BC6E0013BCC4}.Release|x86.ActiveCfg = Release|Win32
		{9452DB21-E98A-42A0-A8D7-BC6E0013BCC4}.Release|x86.Build.0 = Release|Win32
		{767E140E-C87D-4689-B060-DC89AD6A6E75}.Debug|x64.ActiveCfg = Debug|x64
		{767E140E-C87D-4689-B060-DC89AD6A6E75}.Debug|x64.Build.0 = Debug|x64
		{767E140E-C87D-4689-B060-DC89AD6A6E75}.Debug|x86.ActiveCfg = Debug|Win32
		{767E140E-C87D-4689-B060-DC89AD6A6E75}.Debug|x86.Build.0 = Debug|Win32
		{767E140E-C87D-4689-B060-DC89AD6A6E75}.Release|x64.ActiveCfg = Release|x64
		{767E140E-C87D-4689-B060-DC89AD6A6E75}.Release|x64.Build.0 = Release|x64
		{767E140E-C87D-4689-B060-DC89AD6A6E75}.Release|x86.ActiveCfg = Release|Win32
		{767E140E-C87D-4689-B060-DC89AD6A6E75}.Release|x86.Build.0 = Release|Win32
		{257945D2-B994-4C03-B99A-6EAED052927C}.Debug|x64.ActiveCfg = Debug|x64
		{257945D2-B994-4C03-B99A-6EAED052927C}.Debug|x64.Build.0 = Debug|x64
		{257945D2-B994-4C03-B99A-6EAED052927C}.Debug|x86.ActiveCfg = Debug|Win32
		{257945D2-B994-4C03-B99A-6EAED052927C}.Debug|x86.Build.0 = Debug|Win32
		{257945D2-B994-4C03-B99A-6EAED052927C}.Release|x64.ActiveCfg = Release|x64
		{257945D2-B994-4C03-B99A-6EAED052927C}.Release|x64.Build.0 = Release|x64
		{257945D2-B994-4C03-B99A-6EAED052927C}.Release|x86.ActiveCfg = Release|Win32
		{257945D2-B994-4C03-B99A-6EAED052927C}.Release|x86.Build.0 = Release|Win32
		{CA632F2D-DA31-4FAE-BE1D-1154E8AB404E}.Debug|x64.ActiveCfg = Debug|x64
		{CA632F2D-DA31-4FAE-BE1D-1154E8AB404E}.Debug|x64.Build.0 = Debug|x64
		{CA632F2D-DA31-4FAE-BE1D-1154E8AB404E}.Debug|x86.ActiveCfg = Debug|Win32
		{CA632F2D-DA31-4FAE-BE1D-1154E8AB404E}.Debug|x86.Build.0 = Debug|Win32
		{CA632F2D-DA31-4FAE-BE1D-1154E8AB404E}.Release|x64.ActiveCfg = Release|x64
		{CA632F2D-DA31-4FAE-BE1D-1154E8AB404E}.Release|x64.Build.0 = Release|x64
		{CA632F2D-DA31-4FAE-BE1D-1154E8AB404E}.Release|x86.ActiveCfg = Release|Win32
		{CA632F2D-DA31-4FAE-BE1D-1154E8AB404E}.Release|x86.Build.0 = Release|Win32
		{CF6EAF4F-1D22-4963-B8C6-BAD6B99AB6BA}.Debug|x64.ActiveCfg = Debug|x64
		{CF6EAF4F-1D22-4963-B8C6-BAD6B99AB6BA}.Debug|x64.Build.0 = Debug|x64
		{CF6EAF4F-1D22-4963-B8C6-BAD6B99AB6BA}.Debug|x86.ActiveCfg = Debug|Win32
		{CF6EAF4F-1D22-4963-B8C6-BAD6B99AB6BA}.Debug|x86.Build.0 = Debug|Win32
		{CF6EAF4F-1D22-4963-B8C6-BAD6B99AB6BA}.Release|x64.ActiveCfg = Release|x64
		{CF6EAF4F-1D22-4963-B8C6-BAD6B99AB6BA}.Release|x64.Build.0 = Release|x64
		{CF6EAF4F-1D22-4963-B8C6-BAD6B99AB6BA}.Release|x86.ActiveCfg = Release|Win32
		{CF6EAF4F-1D22-4963-B8C6-BAD6B99AB6BA}.Release|x86.Build.0 = Release|Win32
		{34FC4EB7-3E5D-43F7-B7BC-1012FC89BF59}.Debug|x64.ActiveCfg = Debug|x64
		{34FC4EB7-3E5D-43F7-B7BC-1012FC89BF59}.Debug|x64.Build.0 = Debug|x64
		{34FC4EB7-3E5D-43F7-B7BC-1012FC89BF59}.Debug|x86.ActiveCfg = Debug|Win32
		{34FC4EB7-3E5D-43F7-B7BC-1012FC89BF59}.Debug|x86.Build.0 = Debug|Win32
		{34FC4EB7-3E5D-43F7-B7BC-1012FC89BF59}.Release|x64.ActiveCfg = Release|x64
		{34FC4EB7-3E5D-43F7-B7BC-1012FC89BF59}.Release|x64.Build.0 = Release|x64
		{34FC4EB7-3E5D-43F7-B7BC-1012FC89BF59}.Release|x86.ActiveCfg = Release|Win32
		{34FC4EB7-3E5D-43F7-B7BC-1012FC89BF59}.Release|x86.Build.0 = Release|Win32
		{9FBA7AED-B14E-4DDA-BEB6-F76AEA206EA6}.Debug|x64.ActiveCfg = Debug|x64
		{9FBA7AED-B14E-4DDA-BEB6-F76AEA206EA6}.Debug|x64.Build.0 = Debug|x64
		{9FBA7AED-B14E-4DDA-BEB6-F76AEA206EA6}.Debug|x86.ActiveCfg = Debug|Win32
		{9FBA7AED-B14E-4DDA-BEB6-F76AEA206EA6}.Debug|x86.Build.0 = Debug|Win32
		{9FBA7AED-B14E-4DDA-BEB6-F76AEA206EA6}.Release|x64.ActiveCfg = Release|x64
		{9FBA7AED-B14E-4DDA-BEB6-F76AEA206EA6}.Release|x64.Build.0 = Release|x64
		{9FBA7AED-B14E-4DDA-BEB6-F76AEA206EA6}.Release|x86.ActiveCfg = Release|Win32
		{9FBA7AED-B14E-4DDA-BEB6-F76AEA206EA6}.Release|x86.Build.0 = Release|Win32
		{760C4543-1898-4100-B75F-79FDD23F5ED7}.Debug|x64.ActiveCfg = Debug|x64
		{760C4543-1898-4100-B75F-79FDD23F5ED7}.Debug|x64.Build.0 = Debug|x64
		{760C4543-1898-4100-B75F-79FDD23F5ED7}.Debug|x86.ActiveCfg = Debug|Win32
		{760C4543-1898-4100-B75F-79FDD23F5ED7}.Debug|x86.Build.0 = Debug|Win32
		{760C4543-1898-4100-B75F-79FDD23F5ED7}.Release|x64.ActiveCfg = Release|x64
		{760C4543-1898-4100-B75F-79FDD23F5ED7}.Release|x64.Build.0 = Release|x64
		{760C4543-1898-4100-B75F-79FDD23F5ED7}.Release|x86.ActiveCfg = Release|Win32
		{760C4543-1898-4100-B75F-79FDD23F5ED7}.Release|x86.Build.0 = Release|Win32
		{05D6CB96-DDD3-4396-ABBA-AA3E9346810F}.Debug|x64.ActiveCfg = Debug|x64
		{05D6CB96-DDD3-4396-ABBA-AA3E9346810F}.Debug|x64.Build.0 = Debug|x64
		{05D6CB96-DDD3-4396-ABBA-AA3E9346810F}.Debug|x86.ActiveCfg = Debug|Win32
		{05D6CB96-DDD3-4396-ABBA-AA3E9346810F}.Debug|x86.Build.0 = Debug|Win32
		{05D6CB96-DDD3-4396-ABBA-AA3E9346810F}.Release|x64.ActiveCfg = Release|x64
		{05D6CB96-DDD3-4396-ABBA-AA3E9346810F}.Release|x64.Build.0 = Release|x64
		{05D6CB96-DDD3-4396-ABBA-AA3E9346810F}.Release|x86.ActiveCfg = Release|Win32
		{05D6CB96-DDD3-4396-ABBA-AA3E9346810F}.Release|x86.Build.0 = Release|Win32
	EndGlobalSection
	GlobalSection(SolutionProperties) = preSolution
		HideSolutionNode = FALSE
	EndGlobalSection
	GlobalSection(ExtensibilityGlobals) = postSolution
		SolutionGuid = {17285029-E84E-408B-860C-C69ECA70DA2C}
	EndGlobalSection
EndGlobal
