
Microsoft Visual Studio Solution File, Format Version 12.00
# Visual Studio Version 17
VisualStudioVersion = 17.13.35818.85
MinimumVisualStudioVersion = 10.0.40219.1
Project("{8BC9CEB8-8B4A-11D0-8D11-00A0C91BC942}") = "01 Intro to Design Patterns", "01 Intro to Design Patterns\01 Intro to Design Patterns.vcxproj", "{1759B4A3-1FDD-4600-B35C-6B06BCBD4EC8}"
EndProject
Project("{8BC9CEB8-8B4A-11D0-8D11-00A0C91BC942}") = "03 the Decorator Pattern", "03 the Decorator Pattern\03 the Decorator Pattern.vcxproj", "{EE75C758-E8D1-491D-847C-13C2E6F4AF56}"
EndProject
Project("{8BC9CEB8-8B4A-11D0-8D11-00A0C91BC942}") = "02 the Observer Pattern", "02 the Observer Pattern\02 the Observer Pattern.vcxproj", "{306BA0F6-EAB9-4465-B2D9-A032E85BFC94}"
EndProject
Project("{8BC9CEB8-8B4A-11D0-8D11-00A0C91BC942}") = "04 - 01 Building a simple pizza factory", "04 - 01 Building a simple pizza factory\04 - 01 Building a simple pizza factory.vcxproj", "{9634A3BD-DEA5-4072-ABE5-8961FA3181B0}"
EndProject
Project("{8BC9CEB8-8B4A-11D0-8D11-00A0C91BC942}") = "04 - 02 A framework for the pizza store", "04 - 02 A framework for the pizza store\04 - 02 A framework for the pizza store.vcxproj", "{2273BA1E-93D9-4160-92EF-B3E1439B2BAA}"
EndProject
Project("{8BC9CEB8-8B4A-11D0-8D11-00A0C91BC942}") = "04 - 03 Sharpen your pencil", "04 - 03 Sharpen your pencil\04 - 03 Sharpen your pencil.vcxproj", "{246C5C0A-26F8-4899-B57D-CAB67AA36D58}"
EndProject
Project("{8BC9CEB8-8B4A-11D0-8D11-00A0C91BC942}") = "04 - 04 You've waited long enough time for some pizzas", "04 - 04 You've waited long enough time for some pizzas\04 - 04 You've waited long enough time for some pizzas.vcxproj", "{8FB50FCD-1940-421C-819D-77A94356222B}"
EndProject
Project("{8BC9CEB8-8B4A-11D0-8D11-00A0C91BC942}") = "04 - 05 Reworking the pizzas", "04 - 05 Reworking the pizzas\04 - 05 Reworking the pizzas.vcxproj", "{C76CED7B-2671-43FC-BD57-840873A50946}"
EndProject
Project("{8BC9CEB8-8B4A-11D0-8D11-00A0C91BC942}") = "05 - 01 The Little Singleton", "05 - 01 The Little Singleton\05 - 01 The Little Singleton.vcxproj", "{2AE4D12F-8543-433D-B648-C30A5F49F80C}"
EndProject
Project("{8BC9CEB8-8B4A-11D0-8D11-00A0C91BC942}") = "05 - 02 Sharpen your pencil", "05 - 02 Sharpen your pencil\05 - 02 Sharpen your pencil.vcxproj", "{9A83298A-5272-4EDC-B146-8FFC71535B02}"
EndProject
Project("{8BC9CEB8-8B4A-11D0-8D11-00A0C91BC942}") = "05 - 03 BE the JVM", "05 - 03 BE the JVM\05 - 03 BE the JVM.vcxproj", "{C0CF3878-3998-45A1-A8ED-D7FE7AE68C9D}"
EndProject
Project("{8BC9CEB8-8B4A-11D0-8D11-00A0C91BC942}") = "05 - 04 Dealing with multithreading", "05 - 04 Dealing with multithreading\05 - 04 Dealing with multithreading.vcxproj", "{44D5C412-A7B5-4A54-9C92-DB77F89F34F9}"
EndProject
Project("{8BC9CEB8-8B4A-11D0-8D11-00A0C91BC942}") = "06 - 01 Our first command object", "06 - 01 Our first command object\06 - 01 Our first command object.vcxproj", "{42BE0E89-503B-4919-8CE4-64423770E6C9}"
EndProject
Project("{8BC9CEB8-8B4A-11D0-8D11-00A0C91BC942}") = "06 - 02 Sharpen your pencil", "06 - 02 Sharpen your pencil\06 - 02 Sharpen your pencil.vcxproj", "{29ADD17E-5B7E-410E-A043-C9DF0765D5E1}"
EndProject
Project("{8BC9CEB8-8B4A-11D0-8D11-00A0C91BC942}") = "06 - 03 Implementing the Remote Control", "06 - 03 Implementing the Remote Control\06 - 03 Implementing the Remote Control.vcxproj", "{942569FB-B706-453F-A800-51F0607533EB}"
EndProject
Project("{8BC9CEB8-8B4A-11D0-8D11-00A0C91BC942}") = "06 - 04 don’t forget undo", "06 - 04 don’t forget undo\06 - 04 don’t forget undo.vcxproj", "{D336ED73-4F08-4D7E-BC10-F71242855A6E}"
EndProject
Project("{8BC9CEB8-8B4A-11D0-8D11-00A0C91BC942}") = "06 - 05 Using state to implement Undo", "06 - 05 Using state to implement Undo\06 - 05 Using state to implement Undo.vcxproj", "{F198D7FE-1368-4251-BFB1-FD5BAEB6CB27}"
EndProject
Project("{8BC9CEB8-8B4A-11D0-8D11-00A0C91BC942}") = "06 - 06 Every remote needs a Party Mode", "06 - 06 Every remote needs a Party Mode\06 - 06 Every remote needs a Party Mode.vcxproj", "{2540BC96-1469-476E-A2D5-3FCAAC10F160}"
EndProject
Global
	GlobalSection(SolutionConfigurationPlatforms) = preSolution
		Debug|x64 = Debug|x64
		Debug|x86 = Debug|x86
		Release|x64 = Release|x64
		Release|x86 = Release|x86
	EndGlobalSection
	GlobalSection(ProjectConfigurationPlatforms) = postSolution
		{1759B4A3-1FDD-4600-B35C-6B06BCBD4EC8}.Debug|x64.ActiveCfg = Debug|x64
		{1759B4A3-1FDD-4600-B35C-6B06BCBD4EC8}.Debug|x64.Build.0 = Debug|x64
		{1759B4A3-1FDD-4600-B35C-6B06BCBD4EC8}.Debug|x86.ActiveCfg = Debug|Win32
		{1759B4A3-1FDD-4600-B35C-6B06BCBD4EC8}.Debug|x86.Build.0 = Debug|Win32
		{1759B4A3-1FDD-4600-B35C-6B06BCBD4EC8}.Release|x64.ActiveCfg = Release|x64
		{1759B4A3-1FDD-4600-B35C-6B06BCBD4EC8}.Release|x64.Build.0 = Release|x64
		{1759B4A3-1FDD-4600-B35C-6B06BCBD4EC8}.Release|x86.ActiveCfg = Release|Win32
		{1759B4A3-1FDD-4600-B35C-6B06BCBD4EC8}.Release|x86.Build.0 = Release|Win32
		{EE75C758-E8D1-491D-847C-13C2E6F4AF56}.Debug|x64.ActiveCfg = Debug|x64
		{EE75C758-E8D1-491D-847C-13C2E6F4AF56}.Debug|x64.Build.0 = Debug|x64
		{EE75C758-E8D1-491D-847C-13C2E6F4AF56}.Debug|x86.ActiveCfg = Debug|Win32
		{EE75C758-E8D1-491D-847C-13C2E6F4AF56}.Debug|x86.Build.0 = Debug|Win32
		{EE75C758-E8D1-491D-847C-13C2E6F4AF56}.Release|x64.ActiveCfg = Release|x64
		{EE75C758-E8D1-491D-847C-13C2E6F4AF56}.Release|x64.Build.0 = Release|x64
		{EE75C758-E8D1-491D-847C-13C2E6F4AF56}.Release|x86.ActiveCfg = Release|Win32
		{EE75C758-E8D1-491D-847C-13C2E6F4AF56}.Release|x86.Build.0 = Release|Win32
		{306BA0F6-EAB9-4465-B2D9-A032E85BFC94}.Debug|x64.ActiveCfg = Debug|x64
		{306BA0F6-EAB9-4465-B2D9-A032E85BFC94}.Debug|x64.Build.0 = Debug|x64
		{306BA0F6-EAB9-4465-B2D9-A032E85BFC94}.Debug|x86.ActiveCfg = Debug|Win32
		{306BA0F6-EAB9-4465-B2D9-A032E85BFC94}.Debug|x86.Build.0 = Debug|Win32
		{306BA0F6-EAB9-4465-B2D9-A032E85BFC94}.Release|x64.ActiveCfg = Release|x64
		{306BA0F6-EAB9-4465-B2D9-A032E85BFC94}.Release|x64.Build.0 = Release|x64
		{306BA0F6-EAB9-4465-B2D9-A032E85BFC94}.Release|x86.ActiveCfg = Release|Win32
		{306BA0F6-EAB9-4465-B2D9-A032E85BFC94}.Release|x86.Build.0 = Release|Win32
		{9634A3BD-DEA5-4072-ABE5-8961FA3181B0}.Debug|x64.ActiveCfg = Debug|x64
		{9634A3BD-DEA5-4072-ABE5-8961FA3181B0}.Debug|x64.Build.0 = Debug|x64
		{9634A3BD-DEA5-4072-ABE5-8961FA3181B0}.Debug|x86.ActiveCfg = Debug|Win32
		{9634A3BD-DEA5-4072-ABE5-8961FA3181B0}.Debug|x86.Build.0 = Debug|Win32
		{9634A3BD-DEA5-4072-ABE5-8961FA3181B0}.Release|x64.ActiveCfg = Release|x64
		{9634A3BD-DEA5-4072-ABE5-8961FA3181B0}.Release|x64.Build.0 = Release|x64
		{9634A3BD-DEA5-4072-ABE5-8961FA3181B0}.Release|x86.ActiveCfg = Release|Win32
		{9634A3BD-DEA5-4072-ABE5-8961FA3181B0}.Release|x86.Build.0 = Release|Win32
		{2273BA1E-93D9-4160-92EF-B3E1439B2BAA}.Debug|x64.ActiveCfg = Debug|x64
		{2273BA1E-93D9-4160-92EF-B3E1439B2BAA}.Debug|x64.Build.0 = Debug|x64
		{2273BA1E-93D9-4160-92EF-B3E1439B2BAA}.Debug|x86.ActiveCfg = Debug|Win32
		{2273BA1E-93D9-4160-92EF-B3E1439B2BAA}.Debug|x86.Build.0 = Debug|Win32
		{2273BA1E-93D9-4160-92EF-B3E1439B2BAA}.Release|x64.ActiveCfg = Release|x64
		{2273BA1E-93D9-4160-92EF-B3E1439B2BAA}.Release|x64.Build.0 = Release|x64
		{2273BA1E-93D9-4160-92EF-B3E1439B2BAA}.Release|x86.ActiveCfg = Release|Win32
		{2273BA1E-93D9-4160-92EF-B3E1439B2BAA}.Release|x86.Build.0 = Release|Win32
		{246C5C0A-26F8-4899-B57D-CAB67AA36D58}.Debug|x64.ActiveCfg = Debug|x64
		{246C5C0A-26F8-4899-B57D-CAB67AA36D58}.Debug|x64.Build.0 = Debug|x64
		{246C5C0A-26F8-4899-B57D-CAB67AA36D58}.Debug|x86.ActiveCfg = Debug|Win32
		{246C5C0A-26F8-4899-B57D-CAB67AA36D58}.Debug|x86.Build.0 = Debug|Win32
		{246C5C0A-26F8-4899-B57D-CAB67AA36D58}.Release|x64.ActiveCfg = Release|x64
		{246C5C0A-26F8-4899-B57D-CAB67AA36D58}.Release|x64.Build.0 = Release|x64
		{246C5C0A-26F8-4899-B57D-CAB67AA36D58}.Release|x86.ActiveCfg = Release|Win32
		{246C5C0A-26F8-4899-B57D-CAB67AA36D58}.Release|x86.Build.0 = Release|Win32
		{8FB50FCD-1940-421C-819D-77A94356222B}.Debug|x64.ActiveCfg = Debug|x64
		{8FB50FCD-1940-421C-819D-77A94356222B}.Debug|x64.Build.0 = Debug|x64
		{8FB50FCD-1940-421C-819D-77A94356222B}.Debug|x86.ActiveCfg = Debug|Win32
		{8FB50FCD-1940-421C-819D-77A94356222B}.Debug|x86.Build.0 = Debug|Win32
		{8FB50FCD-1940-421C-819D-77A94356222B}.Release|x64.ActiveCfg = Release|x64
		{8FB50FCD-1940-421C-819D-77A94356222B}.Release|x64.Build.0 = Release|x64
		{8FB50FCD-1940-421C-819D-77A94356222B}.Release|x86.ActiveCfg = Release|Win32
		{8FB50FCD-1940-421C-819D-77A94356222B}.Release|x86.Build.0 = Release|Win32
		{C76CED7B-2671-43FC-BD57-840873A50946}.Debug|x64.ActiveCfg = Debug|x64
		{C76CED7B-2671-43FC-BD57-840873A50946}.Debug|x64.Build.0 = Debug|x64
		{C76CED7B-2671-43FC-BD57-840873A50946}.Debug|x86.ActiveCfg = Debug|Win32
		{C76CED7B-2671-43FC-BD57-840873A50946}.Debug|x86.Build.0 = Debug|Win32
		{C76CED7B-2671-43FC-BD57-840873A50946}.Release|x64.ActiveCfg = Release|x64
		{C76CED7B-2671-43FC-BD57-840873A50946}.Release|x64.Build.0 = Release|x64
		{C76CED7B-2671-43FC-BD57-840873A50946}.Release|x86.ActiveCfg = Release|Win32
		{C76CED7B-2671-43FC-BD57-840873A50946}.Release|x86.Build.0 = Release|Win32
		{2AE4D12F-8543-433D-B648-C30A5F49F80C}.Debug|x64.ActiveCfg = Debug|x64
		{2AE4D12F-8543-433D-B648-C30A5F49F80C}.Debug|x64.Build.0 = Debug|x64
		{2AE4D12F-8543-433D-B648-C30A5F49F80C}.Debug|x86.ActiveCfg = Debug|Win32
		{2AE4D12F-8543-433D-B648-C30A5F49F80C}.Debug|x86.Build.0 = Debug|Win32
		{2AE4D12F-8543-433D-B648-C30A5F49F80C}.Release|x64.ActiveCfg = Release|x64
		{2AE4D12F-8543-433D-B648-C30A5F49F80C}.Release|x64.Build.0 = Release|x64
		{2AE4D12F-8543-433D-B648-C30A5F49F80C}.Release|x86.ActiveCfg = Release|Win32
		{2AE4D12F-8543-433D-B648-C30A5F49F80C}.Release|x86.Build.0 = Release|Win32
		{9A83298A-5272-4EDC-B146-8FFC71535B02}.Debug|x64.ActiveCfg = Debug|x64
		{9A83298A-5272-4EDC-B146-8FFC71535B02}.Debug|x64.Build.0 = Debug|x64
		{9A83298A-5272-4EDC-B146-8FFC71535B02}.Debug|x86.ActiveCfg = Debug|Win32
		{9A83298A-5272-4EDC-B146-8FFC71535B02}.Debug|x86.Build.0 = Debug|Win32
		{9A83298A-5272-4EDC-B146-8FFC71535B02}.Release|x64.ActiveCfg = Release|x64
		{9A83298A-5272-4EDC-B146-8FFC71535B02}.Release|x64.Build.0 = Release|x64
		{9A83298A-5272-4EDC-B146-8FFC71535B02}.Release|x86.ActiveCfg = Release|Win32
		{9A83298A-5272-4EDC-B146-8FFC71535B02}.Release|x86.Build.0 = Release|Win32
		{C0CF3878-3998-45A1-A8ED-D7FE7AE68C9D}.Debug|x64.ActiveCfg = Debug|x64
		{C0CF3878-3998-45A1-A8ED-D7FE7AE68C9D}.Debug|x64.Build.0 = Debug|x64
		{C0CF3878-3998-45A1-A8ED-D7FE7AE68C9D}.Debug|x86.ActiveCfg = Debug|Win32
		{C0CF3878-3998-45A1-A8ED-D7FE7AE68C9D}.Debug|x86.Build.0 = Debug|Win32
		{C0CF3878-3998-45A1-A8ED-D7FE7AE68C9D}.Release|x64.ActiveCfg = Release|x64
		{C0CF3878-3998-45A1-A8ED-D7FE7AE68C9D}.Release|x64.Build.0 = Release|x64
		{C0CF3878-3998-45A1-A8ED-D7FE7AE68C9D}.Release|x86.ActiveCfg = Release|Win32
		{C0CF3878-3998-45A1-A8ED-D7FE7AE68C9D}.Release|x86.Build.0 = Release|Win32
		{44D5C412-A7B5-4A54-9C92-DB77F89F34F9}.Debug|x64.ActiveCfg = Debug|x64
		{44D5C412-A7B5-4A54-9C92-DB77F89F34F9}.Debug|x64.Build.0 = Debug|x64
		{44D5C412-A7B5-4A54-9C92-DB77F89F34F9}.Debug|x86.ActiveCfg = Debug|Win32
		{44D5C412-A7B5-4A54-9C92-DB77F89F34F9}.Debug|x86.Build.0 = Debug|Win32
		{44D5C412-A7B5-4A54-9C92-DB77F89F34F9}.Release|x64.ActiveCfg = Release|x64
		{44D5C412-A7B5-4A54-9C92-DB77F89F34F9}.Release|x64.Build.0 = Release|x64
		{44D5C412-A7B5-4A54-9C92-DB77F89F34F9}.Release|x86.ActiveCfg = Release|Win32
		{44D5C412-A7B5-4A54-9C92-DB77F89F34F9}.Release|x86.Build.0 = Release|Win32
		{42BE0E89-503B-4919-8CE4-64423770E6C9}.Debug|x64.ActiveCfg = Debug|x64
		{42BE0E89-503B-4919-8CE4-64423770E6C9}.Debug|x64.Build.0 = Debug|x64
		{42BE0E89-503B-4919-8CE4-64423770E6C9}.Debug|x86.ActiveCfg = Debug|Win32
		{42BE0E89-503B-4919-8CE4-64423770E6C9}.Debug|x86.Build.0 = Debug|Win32
		{42BE0E89-503B-4919-8CE4-64423770E6C9}.Release|x64.ActiveCfg = Release|x64
		{42BE0E89-503B-4919-8CE4-64423770E6C9}.Release|x64.Build.0 = Release|x64
		{42BE0E89-503B-4919-8CE4-64423770E6C9}.Release|x86.ActiveCfg = Release|Win32
		{42BE0E89-503B-4919-8CE4-64423770E6C9}.Release|x86.Build.0 = Release|Win32
		{29ADD17E-5B7E-410E-A043-C9DF0765D5E1}.Debug|x64.ActiveCfg = Debug|x64
		{29ADD17E-5B7E-410E-A043-C9DF0765D5E1}.Debug|x64.Build.0 = Debug|x64
		{29ADD17E-5B7E-410E-A043-C9DF0765D5E1}.Debug|x86.ActiveCfg = Debug|Win32
		{29ADD17E-5B7E-410E-A043-C9DF0765D5E1}.Debug|x86.Build.0 = Debug|Win32
		{29ADD17E-5B7E-410E-A043-C9DF0765D5E1}.Release|x64.ActiveCfg = Release|x64
		{29ADD17E-5B7E-410E-A043-C9DF0765D5E1}.Release|x64.Build.0 = Release|x64
		{29ADD17E-5B7E-410E-A043-C9DF0765D5E1}.Release|x86.ActiveCfg = Release|Win32
		{29ADD17E-5B7E-410E-A043-C9DF0765D5E1}.Release|x86.Build.0 = Release|Win32
		{942569FB-B706-453F-A800-51F0607533EB}.Debug|x64.ActiveCfg = Debug|x64
		{942569FB-B706-453F-A800-51F0607533EB}.Debug|x64.Build.0 = Debug|x64
		{942569FB-B706-453F-A800-51F0607533EB}.Debug|x86.ActiveCfg = Debug|Win32
		{942569FB-B706-453F-A800-51F0607533EB}.Debug|x86.Build.0 = Debug|Win32
		{942569FB-B706-453F-A800-51F0607533EB}.Release|x64.ActiveCfg = Release|x64
		{942569FB-B706-453F-A800-51F0607533EB}.Release|x64.Build.0 = Release|x64
		{942569FB-B706-453F-A800-51F0607533EB}.Release|x86.ActiveCfg = Release|Win32
		{942569FB-B706-453F-A800-51F0607533EB}.Release|x86.Build.0 = Release|Win32
		{D336ED73-4F08-4D7E-BC10-F71242855A6E}.Debug|x64.ActiveCfg = Debug|x64
		{D336ED73-4F08-4D7E-BC10-F71242855A6E}.Debug|x64.Build.0 = Debug|x64
		{D336ED73-4F08-4D7E-BC10-F71242855A6E}.Debug|x86.ActiveCfg = Debug|Win32
		{D336ED73-4F08-4D7E-BC10-F71242855A6E}.Debug|x86.Build.0 = Debug|Win32
		{D336ED73-4F08-4D7E-BC10-F71242855A6E}.Release|x64.ActiveCfg = Release|x64
		{D336ED73-4F08-4D7E-BC10-F71242855A6E}.Release|x64.Build.0 = Release|x64
		{D336ED73-4F08-4D7E-BC10-F71242855A6E}.Release|x86.ActiveCfg = Release|Win32
		{D336ED73-4F08-4D7E-BC10-F71242855A6E}.Release|x86.Build.0 = Release|Win32
		{F198D7FE-1368-4251-BFB1-FD5BAEB6CB27}.Debug|x64.ActiveCfg = Debug|x64
		{F198D7FE-1368-4251-BFB1-FD5BAEB6CB27}.Debug|x64.Build.0 = Debug|x64
		{F198D7FE-1368-4251-BFB1-FD5BAEB6CB27}.Debug|x86.ActiveCfg = Debug|Win32
		{F198D7FE-1368-4251-BFB1-FD5BAEB6CB27}.Debug|x86.Build.0 = Debug|Win32
		{F198D7FE-1368-4251-BFB1-FD5BAEB6CB27}.Release|x64.ActiveCfg = Release|x64
		{F198D7FE-1368-4251-BFB1-FD5BAEB6CB27}.Release|x64.Build.0 = Release|x64
		{F198D7FE-1368-4251-BFB1-FD5BAEB6CB27}.Release|x86.ActiveCfg = Release|Win32
		{F198D7FE-1368-4251-BFB1-FD5BAEB6CB27}.Release|x86.Build.0 = Release|Win32
		{2540BC96-1469-476E-A2D5-3FCAAC10F160}.Debug|x64.ActiveCfg = Debug|x64
		{2540BC96-1469-476E-A2D5-3FCAAC10F160}.Debug|x64.Build.0 = Debug|x64
		{2540BC96-1469-476E-A2D5-3FCAAC10F160}.Debug|x86.ActiveCfg = Debug|Win32
		{2540BC96-1469-476E-A2D5-3FCAAC10F160}.Debug|x86.Build.0 = Debug|Win32
		{2540BC96-1469-476E-A2D5-3FCAAC10F160}.Release|x64.ActiveCfg = Release|x64
		{2540BC96-1469-476E-A2D5-3FCAAC10F160}.Release|x64.Build.0 = Release|x64
		{2540BC96-1469-476E-A2D5-3FCAAC10F160}.Release|x86.ActiveCfg = Release|Win32
		{2540BC96-1469-476E-A2D5-3FCAAC10F160}.Release|x86.Build.0 = Release|Win32
	EndGlobalSection
	GlobalSection(SolutionProperties) = preSolution
		HideSolutionNode = FALSE
	EndGlobalSection
	GlobalSection(ExtensibilityGlobals) = postSolution
		SolutionGuid = {17285029-E84E-408B-860C-C69ECA70DA2C}
	EndGlobalSection
EndGlobal
