<?xml version="1.0" encoding="utf-8"?>
<Project ToolsVersion="4.0" xmlns="http://schemas.microsoft.com/developer/msbuild/2003">
  <ItemGroup>
    <Filter Include="Source Files">
      <UniqueIdentifier>{4FC737F1-C7A5-4376-A066-2A32D752A2FF}</UniqueIdentifier>
      <Extensions>cpp;c;cc;cxx;c++;cppm;ixx;def;odl;idl;hpj;bat;asm;asmx</Extensions>
    </Filter>
    <Filter Include="Header Files">
      <UniqueIdentifier>{93995380-89BD-4b04-88EB-625FBE52EBFB}</UniqueIdentifier>
      <Extensions>h;hh;hpp;hxx;h++;hm;inl;inc;ipp;xsd</Extensions>
    </Filter>
    <Filter Include="Resource Files">
      <UniqueIdentifier>{67DA6AB6-F800-4c08-8B7A-83BB121AAD01}</UniqueIdentifier>
      <Extensions>rc;ico;cur;bmp;dlg;rc2;rct;bin;rgs;gif;jpg;jpeg;jpe;resx;tiff;tif;png;wav;mfcribbon-ms</Extensions>
    </Filter>
  </ItemGroup>
  <ItemGroup>
    <ClCompile Include="andquery.cpp">
      <Filter>Source Files</Filter>
    </ClCompile>
    <ClCompile Include="binaryquery.cpp">
      <Filter>Source Files</Filter>
    </ClCompile>
    <ClCompile Include="main.cpp">
      <Filter>Source Files</Filter>
    </ClCompile>
    <ClCompile Include="notquery.cpp">
      <Filter>Source Files</Filter>
    </ClCompile>
    <ClCompile Include="orquery.cpp">
      <Filter>Source Files</Filter>
    </ClCompile>
    <ClCompile Include="query.cpp">
      <Filter>Source Files</Filter>
    </ClCompile>
    <ClCompile Include="query_base.cpp">
      <Filter>Source Files</Filter>
    </ClCompile>
    <ClCompile Include="queryhistory.cpp">
      <Filter>Source Files</Filter>
    </ClCompile>
    <ClCompile Include="queryresult.cpp">
      <Filter>Source Files</Filter>
    </ClCompile>
    <ClCompile Include="textquery.cpp">
      <Filter>Source Files</Filter>
    </ClCompile>
    <ClCompile Include="wordquery.cpp">
      <Filter>Source Files</Filter>
    </ClCompile>
  </ItemGroup>
  <ItemGroup>
    <ClInclude Include="andquery.h">
      <Filter>Header Files</Filter>
    </ClInclude>
    <ClInclude Include="binaryquery.h">
      <Filter>Header Files</Filter>
    </ClInclude>
    <ClInclude Include="notquery.h">
      <Filter>Header Files</Filter>
    </ClInclude>
    <ClInclude Include="orquery.h">
      <Filter>Header Files</Filter>
    </ClInclude>
    <ClInclude Include="query.h">
      <Filter>Header Files</Filter>
    </ClInclude>
    <ClInclude Include="query_base.h">
      <Filter>Header Files</Filter>
    </ClInclude>
    <ClInclude Include="queryhistory.h">
      <Filter>Header Files</Filter>
    </ClInclude>
    <ClInclude Include="queryresult.h">
      <Filter>Header Files</Filter>
    </ClInclude>
    <ClInclude Include="textquery.h">
      <Filter>Header Files</Filter>
    </ClInclude>
    <ClInclude Include="wordquery.h">
      <Filter>Header Files</Filter>
    </ClInclude>
  </ItemGroup>
  <ItemGroup>
    <Text Include="test.txt" />
  </ItemGroup>
</Project>