<?xml version="1.0" encoding="utf-8"?>
<Project ToolsVersion="4.0" xmlns="http://schemas.microsoft.com/developer/msbuild/2003">
  <ItemGroup>
    <Filter Include="Source Files">
      <UniqueIdentifier>{4FC737F1-C7A5-4376-A066-2A32D752A2FF}</UniqueIdentifier>
      <Extensions>cpp;c;cc;cxx;def;odl;idl;hpj;bat;asm;asmx</Extensions>
    </Filter>
    <Filter Include="Header Files">
      <UniqueIdentifier>{93995380-89BD-4b04-88EB-625FBE52EBFB}</UniqueIdentifier>
      <Extensions>h;hh;hpp;hxx;hm;inl;inc;xsd</Extensions>
    </Filter>
    <Filter Include="Resource Files">
      <UniqueIdentifier>{67DA6AB6-F800-4c08-8B7A-83BB121AAD01}</UniqueIdentifier>
      <Extensions>rc;ico;cur;bmp;dlg;rc2;rct;bin;rgs;gif;jpg;jpeg;jpe;resx;tiff;tif;png;wav;mfcribbon-ms</Extensions>
    </Filter>
  </ItemGroup>
  <ItemGroup>
    <ClCompile Include="MT4QuikConnector.cpp">
      <Filter>Source Files</Filter>
    </ClCompile>
    <ClCompile Include="position.cpp">
      <Filter>Source Files</Filter>
    </ClCompile>
    <ClCompile Include="events.cpp">
      <Filter>Source Files</Filter>
    </ClCompile>
    <ClCompile Include="functions.cpp">
      <Filter>Source Files</Filter>
    </ClCompile>
    <ClCompile Include="mt4QuikConnector_.cpp">
      <Filter>Source Files</Filter>
    </ClCompile>
    <ClCompile Include="fileCSV.cpp">
      <Filter>Source Files</Filter>
    </ClCompile>
    <ClCompile Include="objects.cpp">
      <Filter>Source Files</Filter>
    </ClCompile>
    <ClCompile Include="server.cpp">
      <Filter>Source Files</Filter>
    </ClCompile>
    <ClCompile Include="trend.cpp">
      <Filter>Source Files</Filter>
    </ClCompile>
    <ClCompile Include="operations.cpp">
      <Filter>Source Files</Filter>
    </ClCompile>
    <ClCompile Include="candlesByIndex.cpp">
      <Filter>Source Files</Filter>
    </ClCompile>
    <ClCompile Include="datetime.cpp">
      <Filter>Source Files</Filter>
    </ClCompile>
    <ClCompile Include="trade.cpp">
      <Filter>Source Files</Filter>
    </ClCompile>
    <ClCompile Include="functionsMT4dll.cpp">
      <Filter>Source Files</Filter>
    </ClCompile>
    <ClCompile Include="constants.cpp">
      <Filter>Source Files</Filter>
    </ClCompile>
    <ClCompile Include="chartProperties.cpp">
      <Filter>Source Files</Filter>
    </ClCompile>
    <ClCompile Include="time.cpp">
      <Filter>Source Files</Filter>
    </ClCompile>
    <ClCompile Include="object.cpp">
      <Filter>Source Files</Filter>
    </ClCompile>
    <ClCompile Include="client.cpp">
      <Filter>Source Files</Filter>
    </ClCompile>
    <ClCompile Include="messages.cpp">
      <Filter>Source Files</Filter>
    </ClCompile>
    <ClCompile Include="lua.cpp">
      <Filter>Source Files</Filter>
    </ClCompile>
    <ClCompile Include="stdafx.cpp">
      <Filter>Source Files</Filter>
    </ClCompile>
    <ClCompile Include="terminalMT4.cpp">
      <Filter>Source Files</Filter>
    </ClCompile>
    <ClCompile Include="terminal.cpp">
      <Filter>Source Files</Filter>
    </ClCompile>
    <ClCompile Include="constantsXML.cpp">
      <Filter>Source Files</Filter>
    </ClCompile>
    <ClCompile Include="algEA.cpp">
      <Filter>Source Files</Filter>
    </ClCompile>
    <ClCompile Include="alg.cpp">
      <Filter>Source Files</Filter>
    </ClCompile>
    <ClCompile Include="constantsJSON.cpp">
      <Filter>Source Files</Filter>
    </ClCompile>
  </ItemGroup>
  <ItemGroup>
    <ClInclude Include="events.h">
      <Filter>Header Files</Filter>
    </ClInclude>
    <ClInclude Include="terminal.h">
      <Filter>Header Files</Filter>
    </ClInclude>
    <ClInclude Include="position.h">
      <Filter>Header Files</Filter>
    </ClInclude>
    <ClInclude Include="mt4QuikConnector_.h">
      <Filter>Header Files</Filter>
    </ClInclude>
    <ClInclude Include="fileCSV.h">
      <Filter>Header Files</Filter>
    </ClInclude>
    <ClInclude Include="objects.h">
      <Filter>Header Files</Filter>
    </ClInclude>
    <ClInclude Include="trend.h">
      <Filter>Header Files</Filter>
    </ClInclude>
    <ClInclude Include="indicator.h">
      <Filter>Header Files</Filter>
    </ClInclude>
    <ClInclude Include="enumerators.h">
      <Filter>Header Files</Filter>
    </ClInclude>
    <ClInclude Include="candlesByIndex.h">
      <Filter>Header Files</Filter>
    </ClInclude>
    <ClInclude Include="datetime.h">
      <Filter>Header Files</Filter>
    </ClInclude>
    <ClInclude Include="trade.h">
      <Filter>Header Files</Filter>
    </ClInclude>
    <ClInclude Include="display.h">
      <Filter>Header Files</Filter>
    </ClInclude>
    <ClInclude Include="switch.h">
      <Filter>Header Files</Filter>
    </ClInclude>
    <ClInclude Include="chartProperties.h">
      <Filter>Header Files</Filter>
    </ClInclude>
    <ClInclude Include="time.h">
      <Filter>Header Files</Filter>
    </ClInclude>
    <ClInclude Include="object.h">
      <Filter>Header Files</Filter>
    </ClInclude>
    <ClInclude Include="stdafx.h">
      <Filter>Header Files</Filter>
    </ClInclude>
    <ClInclude Include="messages.h">
      <Filter>Header Files</Filter>
    </ClInclude>
    <ClInclude Include="lua.h">
      <Filter>Header Files</Filter>
    </ClInclude>
    <ClInclude Include="functions.h">
      <Filter>Header Files</Filter>
    </ClInclude>
    <ClInclude Include="targetver.h">
      <Filter>Header Files</Filter>
    </ClInclude>
    <ClInclude Include="constants.h">
      <Filter>Header Files</Filter>
    </ClInclude>
    <ClInclude Include="terminalMT4.h">
      <Filter>Header Files</Filter>
    </ClInclude>
    <ClInclude Include="MT4QuikConnector.h">
      <Filter>Header Files</Filter>
    </ClInclude>
    <ClInclude Include="server.h">
      <Filter>Header Files</Filter>
    </ClInclude>
    <ClInclude Include="constantsXMLv.h">
      <Filter>Header Files</Filter>
    </ClInclude>
    <ClInclude Include="constantsXML.h">
      <Filter>Header Files</Filter>
    </ClInclude>
    <ClInclude Include="algEA.h">
      <Filter>Header Files</Filter>
    </ClInclude>
    <ClInclude Include="alg.h">
      <Filter>Header Files</Filter>
    </ClInclude>
    <ClInclude Include="constantsJSON.h">
      <Filter>Header Files</Filter>
    </ClInclude>
  </ItemGroup>
  <ItemGroup>
    <Xml Include="MTQC - ConstantsXML - Backup.xml">
      <Filter>Source Files</Filter>
    </Xml>
    <Xml Include="..\..\Program Files (x86)\BCS_Work\QUIK Ticks\MTQC - ConstantsXML.xml">
      <Filter>Source Files</Filter>
    </Xml>
  </ItemGroup>
  <ItemGroup>
    <None Include="MTQC - Constants - Backup.json">
      <Filter>Source Files</Filter>
    </None>
    <None Include="..\..\Program Files (x86)\BCS_Work\QUIK Ticks\MTQC - Constants.json">
      <Filter>Source Files</Filter>
    </None>
  </ItemGroup>
</Project>