<?xml version="1.0" encoding="utf-8"?>
<Project ToolsVersion="4.0" xmlns="http://schemas.microsoft.com/developer/msbuild/2003">
  <ItemGroup>
    <Filter Include="Source Files">
      <UniqueIdentifier>{4FC737F1-C7A5-4376-A066-2A32D752A2FF}</UniqueIdentifier>
      <Extensions>cpp;c;cc;cxx;c++;cppm;ixx;def;odl;idl;hpj;bat;asm;asmx</Extensions>
    </Filter>
    <Filter Include="Header Files">
      <UniqueIdentifier>{93995380-89BD-4b04-88EB-625FBE52EBFB}</UniqueIdentifier>
      <Extensions>h;hh;hpp;hxx;h++;hm;inl;inc;ipp;xsd</Extensions>
    </Filter>
    <Filter Include="Header Files\demos">
      <UniqueIdentifier>{b2c3d4e5-f6a7-8901-bcde-f12345678901}</UniqueIdentifier>
    </Filter>
    <Filter Include="Header Files\types">
      <UniqueIdentifier>{a1b2c3d4-e5f6-7890-abcd-ef1234567890}</UniqueIdentifier>
    </Filter>
    <Filter Include="Resource Files">
      <UniqueIdentifier>{67DA6AB6-F800-4c08-8B7A-83BB121AAD01}</UniqueIdentifier>
      <Extensions>rc;ico;cur;bmp;dlg;rc2;rct;bin;rgs;gif;jpg;jpeg;jpe;resx;tiff;tif;png;wav;mfcribbon-ms</Extensions>
    </Filter>
  </ItemGroup>
  <ItemGroup>
    <ClInclude Include="demo_common.h">
      <Filter>Header Files</Filter>
    </ClInclude>
    <ClInclude Include="demo_01_lazy_generator.h">
      <Filter>Header Files\demos</Filter>
    </ClInclude>
    <ClInclude Include="demo_01b_no_yield_suspend.h">
      <Filter>Header Files\demos</Filter>
    </ClInclude>
    <ClInclude Include="demo_02_eager_generator.h">
      <Filter>Header Files\demos</Filter>
    </ClInclude>
    <ClInclude Include="demo_03_task_return.h">
      <Filter>Header Files\demos</Filter>
    </ClInclude>
    <ClInclude Include="demo_04_task_void.h">
      <Filter>Header Files\demos</Filter>
    </ClInclude>
    <ClInclude Include="demo_05_manual_await.h">
      <Filter>Header Files\demos</Filter>
    </ClInclude>
    <ClInclude Include="demo_06_nested_await.h">
      <Filter>Header Files\demos</Filter>
    </ClInclude>
    <ClInclude Include="demo_07_exception_across_suspend.h">
      <Filter>Header Files\demos</Filter>
    </ClInclude>
    <ClInclude Include="types\trace.h">
      <Filter>Header Files\types</Filter>
    </ClInclude>
    <ClInclude Include="types\simple_coroutine_frame.h">
      <Filter>Header Files\types</Filter>
    </ClInclude>
    <ClInclude Include="types\simple_suspend_always.h">
      <Filter>Header Files\types</Filter>
    </ClInclude>
    <ClInclude Include="types\simple_suspend_never.h">
      <Filter>Header Files\types</Filter>
    </ClInclude>
    <ClInclude Include="types\simple_co_await.h">
      <Filter>Header Files\types</Filter>
    </ClInclude>
    <ClInclude Include="types\simple_generator_promise.h">
      <Filter>Header Files\types</Filter>
    </ClInclude>
    <ClInclude Include="types\simple_generator_frame.h">
      <Filter>Header Files\types</Filter>
    </ClInclude>
    <ClInclude Include="types\simple_generator.h">
      <Filter>Header Files\types</Filter>
    </ClInclude>
    <ClInclude Include="types\native_generator_promise.h">
      <Filter>Header Files\types</Filter>
    </ClInclude>
    <ClInclude Include="types\native_generator.h">
      <Filter>Header Files\types</Filter>
    </ClInclude>
    <ClInclude Include="types\manual_resume_awaitable.h">
      <Filter>Header Files\types</Filter>
    </ClInclude>
    <ClInclude Include="types\simple_manual_awaitable.h">
      <Filter>Header Files\types</Filter>
    </ClInclude>
    <ClInclude Include="types\simple_coroutine_result.h">
      <Filter>Header Files\types</Filter>
    </ClInclude>
    <ClInclude Include="types\native_coroutine_result.h">
      <Filter>Header Files\types</Filter>
    </ClInclude>
    <ClInclude Include="types\simple_task_int_frame.h">
      <Filter>Header Files\types</Filter>
    </ClInclude>
    <ClInclude Include="types\simple_task_void_frame.h">
      <Filter>Header Files\types</Filter>
    </ClInclude>
    <ClInclude Include="types\simple_task.h">
      <Filter>Header Files\types</Filter>
    </ClInclude>
    <ClInclude Include="types\native_task_promise.h">
      <Filter>Header Files\types</Filter>
    </ClInclude>
    <ClInclude Include="types\native_task_void_promise.h">
      <Filter>Header Files\types</Filter>
    </ClInclude>
    <ClInclude Include="types\native_task.h">
      <Filter>Header Files\types</Filter>
    </ClInclude>
    <ClInclude Include="types\native_throw_generator_promise.h">
      <Filter>Header Files\types</Filter>
    </ClInclude>
    <ClInclude Include="types\native_throw_generator.h">
      <Filter>Header Files\types</Filter>
    </ClInclude>
  </ItemGroup>
  <ItemGroup>
    <ClCompile Include="03-3.cpp">
      <Filter>Source Files</Filter>
    </ClCompile>
  </ItemGroup>
</Project>
