<?xml version="1.0" encoding="utf-8"?>
<Project ToolsVersion="4.0" xmlns="http://schemas.microsoft.com/developer/msbuild/2003">
  <ItemGroup>
    <Filter Include="Source Files">
      <UniqueIdentifier>{4FC737F1-C7A5-4376-A066-2A32D752A2FF}</UniqueIdentifier>
      <Extensions>cpp;c;cc;cxx;c++;cppm;ixx;def;odl;idl;hpj;bat;asm;asmx</Extensions>
    </Filter>
    <Filter Include="Header Files">
      <UniqueIdentifier>{93995380-89BD-4b04-88EB-625FBE52EBFB}</UniqueIdentifier>
      <Extensions>h;hh;hpp;hxx;h++;hm;inl;inc;ipp;xsd</Extensions>
    </Filter>
    <Filter Include="Resource Files">
      <UniqueIdentifier>{67DA6AB6-F800-4c08-8B7A-83BB121AAD01}</UniqueIdentifier>
      <Extensions>rc;ico;cur;bmp;dlg;rc2;rct;bin;rgs;gif;jpg;jpeg;jpe;resx;tiff;tif;png;wav;mfcribbon-ms</Extensions>
    </Filter>
  </ItemGroup>
  <ItemGroup>
    <ClCompile Include="11 Исключения.cpp">
      <Filter>Source Files</Filter>
    </ClCompile>
    <ClCompile Include="12_1 Безопасность исключений.cpp">
      <Filter>Source Files</Filter>
    </ClCompile>
    <ClCompile Include="12_2_1 myvec-1.cpp">
      <Filter>Source Files</Filter>
    </ClCompile>
    <ClCompile Include="12_2_2 myvec-2.cpp">
      <Filter>Source Files</Filter>
    </ClCompile>
    <ClCompile Include="12_2_3 myvec-3.cpp">
      <Filter>Source Files</Filter>
    </ClCompile>
    <ClCompile Include="12_2_4 myvec-4.cpp">
      <Filter>Source Files</Filter>
    </ClCompile>
  </ItemGroup>
  <ItemGroup>
    <ClInclude Include="12 controllable.h">
      <Filter>Header Files</Filter>
    </ClInclude>
    <ClInclude Include="11 throws.cc.h">
      <Filter>Header Files</Filter>
    </ClInclude>
    <ClInclude Include="11 multinh.cc.h">
      <Filter>Header Files</Filter>
    </ClInclude>
    <ClInclude Include="12 noexc.cc.h">
      <Filter>Header Files</Filter>
    </ClInclude>
    <ClInclude Include="12 noexc-dtor.cc.h">
      <Filter>Header Files</Filter>
    </ClInclude>
  </ItemGroup>
</Project>