
Microsoft Visual Studio Solution File, Format Version 12.00
# Visual Studio 14
VisualStudioVersion = 14.0.25420.1
MinimumVisualStudioVersion = 10.0.40219.1
Project("{8BC9CEB8-8B4A-11D0-8D11-00A0C91BC942}") = "01 menu_one", "01 menu_one\01 menu_one.vcxproj", "{9DBFB761-7657-47F6-A1F6-3C2305CA2F83}"
EndProject
Project("{8BC9CEB8-8B4A-11D0-8D11-00A0C91BC942}") = "02 menu_two", "02 menu_two\02 menu_two.vcxproj", "{96D1C1A0-FEF2-4065-AC1B-097C09A12E32}"
EndProject
Project("{8BC9CEB8-8B4A-11D0-8D11-00A0C91BC942}") = "03 dlg_one", "03 dlg_one\03 dlg_one.vcxproj", "{C10DCB79-4656-4E0A-A123-213E12D474AB}"
EndProject
Project("{8BC9CEB8-8B4A-11D0-8D11-00A0C91BC942}") = "04 dlg_two", "04 dlg_two\04 dlg_two.vcxproj", "{2892C41A-D437-4169-B59F-9BEC22EE178F}"
EndProject
Project("{8BC9CEB8-8B4A-11D0-8D11-00A0C91BC942}") = "05 ctl_one", "05 ctl_one\05 ctl_one.vcxproj", "{25097869-EAA8-493B-9C1C-FAD1F95A9A36}"
EndProject
Project("{8BC9CEB8-8B4A-11D0-8D11-00A0C91BC942}") = "06 dlg_three", "06 dlg_three\06 dlg_three.vcxproj", "{D775633F-85A6-4186-86D9-E9FADC6D747A}"
EndProject
Project("{8BC9CEB8-8B4A-11D0-8D11-00A0C91BC942}") = "07 app_one", "07 app_one\07 app_one.vcxproj", "{6F0C3633-92B6-45C1-AAEE-E36C83300A21}"
EndProject
Project("{8BC9CEB8-8B4A-11D0-8D11-00A0C91BC942}") = "08 app_two", "08 app_two\08 app_two.vcxproj", "{51ABFAA4-204C-4631-A704-EB82E9DA3BB1}"
EndProject
Project("{8BC9CEB8-8B4A-11D0-8D11-00A0C91BC942}") = "09 app_three", "09 app_three\09 app_three.vcxproj", "{51ECA0D6-8CC3-4A5C-96D7-0566A52BF86A}"
EndProject
Project("{8BC9CEB8-8B4A-11D0-8D11-00A0C91BC942}") = "10 app_four", "10 app_four\app_four.vcxproj", "{DAAD3D54-7BD9-46C5-99E0-E90E6207483A}"
EndProject
Project("{8BC9CEB8-8B4A-11D0-8D11-00A0C91BC942}") = "11 bmp_one", "11 bmp_one\bmp_one.vcxproj", "{4C4E91DA-1F5B-44F8-95CB-FE574A249FA8}"
EndProject
Project("{8BC9CEB8-8B4A-11D0-8D11-00A0C91BC942}") = "12 bmp_two", "12 bmp_two\bmp_two.vcxproj", "{2251B22C-10AC-43AC-BED6-F6FD60174DF9}"
EndProject
Project("{8BC9CEB8-8B4A-11D0-8D11-00A0C91BC942}") = "13 anim_one", "13 anim_one\anim_one.vcxproj", "{6796288E-420F-46FE-97B8-3BB52D00AB80}"
EndProject
Project("{8BC9CEB8-8B4A-11D0-8D11-00A0C91BC942}") = "14 font_one", "14 font_one\font_one.vcxproj", "{D6C8AC94-ABAB-4DA4-ADB1-4150909AC884}"
EndProject
Global
	GlobalSection(SolutionConfigurationPlatforms) = preSolution
		Debug|x64 = Debug|x64
		Debug|x86 = Debug|x86
		Release|x64 = Release|x64
		Release|x86 = Release|x86
	EndGlobalSection
	GlobalSection(ProjectConfigurationPlatforms) = postSolution
		{9DBFB761-7657-47F6-A1F6-3C2305CA2F83}.Debug|x64.ActiveCfg = Debug|x64
		{9DBFB761-7657-47F6-A1F6-3C2305CA2F83}.Debug|x64.Build.0 = Debug|x64
		{9DBFB761-7657-47F6-A1F6-3C2305CA2F83}.Debug|x86.ActiveCfg = Debug|Win32
		{9DBFB761-7657-47F6-A1F6-3C2305CA2F83}.Debug|x86.Build.0 = Debug|Win32
		{9DBFB761-7657-47F6-A1F6-3C2305CA2F83}.Release|x64.ActiveCfg = Release|x64
		{9DBFB761-7657-47F6-A1F6-3C2305CA2F83}.Release|x64.Build.0 = Release|x64
		{9DBFB761-7657-47F6-A1F6-3C2305CA2F83}.Release|x86.ActiveCfg = Release|Win32
		{9DBFB761-7657-47F6-A1F6-3C2305CA2F83}.Release|x86.Build.0 = Release|Win32
		{96D1C1A0-FEF2-4065-AC1B-097C09A12E32}.Debug|x64.ActiveCfg = Debug|x64
		{96D1C1A0-FEF2-4065-AC1B-097C09A12E32}.Debug|x64.Build.0 = Debug|x64
		{96D1C1A0-FEF2-4065-AC1B-097C09A12E32}.Debug|x86.ActiveCfg = Debug|Win32
		{96D1C1A0-FEF2-4065-AC1B-097C09A12E32}.Debug|x86.Build.0 = Debug|Win32
		{96D1C1A0-FEF2-4065-AC1B-097C09A12E32}.Release|x64.ActiveCfg = Release|x64
		{96D1C1A0-FEF2-4065-AC1B-097C09A12E32}.Release|x64.Build.0 = Release|x64
		{96D1C1A0-FEF2-4065-AC1B-097C09A12E32}.Release|x86.ActiveCfg = Release|Win32
		{96D1C1A0-FEF2-4065-AC1B-097C09A12E32}.Release|x86.Build.0 = Release|Win32
		{C10DCB79-4656-4E0A-A123-213E12D474AB}.Debug|x64.ActiveCfg = Debug|x64
		{C10DCB79-4656-4E0A-A123-213E12D474AB}.Debug|x64.Build.0 = Debug|x64
		{C10DCB79-4656-4E0A-A123-213E12D474AB}.Debug|x86.ActiveCfg = Debug|Win32
		{C10DCB79-4656-4E0A-A123-213E12D474AB}.Debug|x86.Build.0 = Debug|Win32
		{C10DCB79-4656-4E0A-A123-213E12D474AB}.Release|x64.ActiveCfg = Release|x64
		{C10DCB79-4656-4E0A-A123-213E12D474AB}.Release|x64.Build.0 = Release|x64
		{C10DCB79-4656-4E0A-A123-213E12D474AB}.Release|x86.ActiveCfg = Release|Win32
		{C10DCB79-4656-4E0A-A123-213E12D474AB}.Release|x86.Build.0 = Release|Win32
		{2892C41A-D437-4169-B59F-9BEC22EE178F}.Debug|x64.ActiveCfg = Debug|x64
		{2892C41A-D437-4169-B59F-9BEC22EE178F}.Debug|x64.Build.0 = Debug|x64
		{2892C41A-D437-4169-B59F-9BEC22EE178F}.Debug|x86.ActiveCfg = Debug|Win32
		{2892C41A-D437-4169-B59F-9BEC22EE178F}.Debug|x86.Build.0 = Debug|Win32
		{2892C41A-D437-4169-B59F-9BEC22EE178F}.Release|x64.ActiveCfg = Release|x64
		{2892C41A-D437-4169-B59F-9BEC22EE178F}.Release|x64.Build.0 = Release|x64
		{2892C41A-D437-4169-B59F-9BEC22EE178F}.Release|x86.ActiveCfg = Release|Win32
		{2892C41A-D437-4169-B59F-9BEC22EE178F}.Release|x86.Build.0 = Release|Win32
		{25097869-EAA8-493B-9C1C-FAD1F95A9A36}.Debug|x64.ActiveCfg = Debug|x64
		{25097869-EAA8-493B-9C1C-FAD1F95A9A36}.Debug|x64.Build.0 = Debug|x64
		{25097869-EAA8-493B-9C1C-FAD1F95A9A36}.Debug|x86.ActiveCfg = Debug|Win32
		{25097869-EAA8-493B-9C1C-FAD1F95A9A36}.Debug|x86.Build.0 = Debug|Win32
		{25097869-EAA8-493B-9C1C-FAD1F95A9A36}.Release|x64.ActiveCfg = Release|x64
		{25097869-EAA8-493B-9C1C-FAD1F95A9A36}.Release|x64.Build.0 = Release|x64
		{25097869-EAA8-493B-9C1C-FAD1F95A9A36}.Release|x86.ActiveCfg = Release|Win32
		{25097869-EAA8-493B-9C1C-FAD1F95A9A36}.Release|x86.Build.0 = Release|Win32
		{D775633F-85A6-4186-86D9-E9FADC6D747A}.Debug|x64.ActiveCfg = Debug|x64
		{D775633F-85A6-4186-86D9-E9FADC6D747A}.Debug|x64.Build.0 = Debug|x64
		{D775633F-85A6-4186-86D9-E9FADC6D747A}.Debug|x86.ActiveCfg = Debug|Win32
		{D775633F-85A6-4186-86D9-E9FADC6D747A}.Debug|x86.Build.0 = Debug|Win32
		{D775633F-85A6-4186-86D9-E9FADC6D747A}.Release|x64.ActiveCfg = Release|x64
		{D775633F-85A6-4186-86D9-E9FADC6D747A}.Release|x64.Build.0 = Release|x64
		{D775633F-85A6-4186-86D9-E9FADC6D747A}.Release|x86.ActiveCfg = Release|Win32
		{D775633F-85A6-4186-86D9-E9FADC6D747A}.Release|x86.Build.0 = Release|Win32
		{6F0C3633-92B6-45C1-AAEE-E36C83300A21}.Debug|x64.ActiveCfg = Debug|x64
		{6F0C3633-92B6-45C1-AAEE-E36C83300A21}.Debug|x64.Build.0 = Debug|x64
		{6F0C3633-92B6-45C1-AAEE-E36C83300A21}.Debug|x86.ActiveCfg = Debug|Win32
		{6F0C3633-92B6-45C1-AAEE-E36C83300A21}.Debug|x86.Build.0 = Debug|Win32
		{6F0C3633-92B6-45C1-AAEE-E36C83300A21}.Release|x64.ActiveCfg = Release|x64
		{6F0C3633-92B6-45C1-AAEE-E36C83300A21}.Release|x64.Build.0 = Release|x64
		{6F0C3633-92B6-45C1-AAEE-E36C83300A21}.Release|x86.ActiveCfg = Release|Win32
		{6F0C3633-92B6-45C1-AAEE-E36C83300A21}.Release|x86.Build.0 = Release|Win32
		{51ABFAA4-204C-4631-A704-EB82E9DA3BB1}.Debug|x64.ActiveCfg = Debug|x64
		{51ABFAA4-204C-4631-A704-EB82E9DA3BB1}.Debug|x64.Build.0 = Debug|x64
		{51ABFAA4-204C-4631-A704-EB82E9DA3BB1}.Debug|x86.ActiveCfg = Debug|Win32
		{51ABFAA4-204C-4631-A704-EB82E9DA3BB1}.Debug|x86.Build.0 = Debug|Win32
		{51ABFAA4-204C-4631-A704-EB82E9DA3BB1}.Release|x64.ActiveCfg = Release|x64
		{51ABFAA4-204C-4631-A704-EB82E9DA3BB1}.Release|x64.Build.0 = Release|x64
		{51ABFAA4-204C-4631-A704-EB82E9DA3BB1}.Release|x86.ActiveCfg = Release|Win32
		{51ABFAA4-204C-4631-A704-EB82E9DA3BB1}.Release|x86.Build.0 = Release|Win32
		{51ECA0D6-8CC3-4A5C-96D7-0566A52BF86A}.Debug|x64.ActiveCfg = Debug|x64
		{51ECA0D6-8CC3-4A5C-96D7-0566A52BF86A}.Debug|x64.Build.0 = Debug|x64
		{51ECA0D6-8CC3-4A5C-96D7-0566A52BF86A}.Debug|x86.ActiveCfg = Debug|Win32
		{51ECA0D6-8CC3-4A5C-96D7-0566A52BF86A}.Debug|x86.Build.0 = Debug|Win32
		{51ECA0D6-8CC3-4A5C-96D7-0566A52BF86A}.Release|x64.ActiveCfg = Release|x64
		{51ECA0D6-8CC3-4A5C-96D7-0566A52BF86A}.Release|x64.Build.0 = Release|x64
		{51ECA0D6-8CC3-4A5C-96D7-0566A52BF86A}.Release|x86.ActiveCfg = Release|Win32
		{51ECA0D6-8CC3-4A5C-96D7-0566A52BF86A}.Release|x86.Build.0 = Release|Win32
		{DAAD3D54-7BD9-46C5-99E0-E90E6207483A}.Debug|x64.ActiveCfg = Debug|Win32
		{DAAD3D54-7BD9-46C5-99E0-E90E6207483A}.Debug|x86.ActiveCfg = Debug|Win32
		{DAAD3D54-7BD9-46C5-99E0-E90E6207483A}.Debug|x86.Build.0 = Debug|Win32
		{DAAD3D54-7BD9-46C5-99E0-E90E6207483A}.Release|x64.ActiveCfg = Release|Win32
		{DAAD3D54-7BD9-46C5-99E0-E90E6207483A}.Release|x86.ActiveCfg = Release|Win32
		{DAAD3D54-7BD9-46C5-99E0-E90E6207483A}.Release|x86.Build.0 = Release|Win32
		{4C4E91DA-1F5B-44F8-95CB-FE574A249FA8}.Debug|x64.ActiveCfg = Debug|Win32
		{4C4E91DA-1F5B-44F8-95CB-FE574A249FA8}.Debug|x86.ActiveCfg = Debug|Win32
		{4C4E91DA-1F5B-44F8-95CB-FE574A249FA8}.Debug|x86.Build.0 = Debug|Win32
		{4C4E91DA-1F5B-44F8-95CB-FE574A249FA8}.Release|x64.ActiveCfg = Release|Win32
		{4C4E91DA-1F5B-44F8-95CB-FE574A249FA8}.Release|x86.ActiveCfg = Release|Win32
		{4C4E91DA-1F5B-44F8-95CB-FE574A249FA8}.Release|x86.Build.0 = Release|Win32
		{2251B22C-10AC-43AC-BED6-F6FD60174DF9}.Debug|x64.ActiveCfg = Debug|Win32
		{2251B22C-10AC-43AC-BED6-F6FD60174DF9}.Debug|x86.ActiveCfg = Debug|Win32
		{2251B22C-10AC-43AC-BED6-F6FD60174DF9}.Debug|x86.Build.0 = Debug|Win32
		{2251B22C-10AC-43AC-BED6-F6FD60174DF9}.Release|x64.ActiveCfg = Release|Win32
		{2251B22C-10AC-43AC-BED6-F6FD60174DF9}.Release|x86.ActiveCfg = Release|Win32
		{2251B22C-10AC-43AC-BED6-F6FD60174DF9}.Release|x86.Build.0 = Release|Win32
		{6796288E-420F-46FE-97B8-3BB52D00AB80}.Debug|x64.ActiveCfg = Debug|Win32
		{6796288E-420F-46FE-97B8-3BB52D00AB80}.Debug|x86.ActiveCfg = Debug|Win32
		{6796288E-420F-46FE-97B8-3BB52D00AB80}.Debug|x86.Build.0 = Debug|Win32
		{6796288E-420F-46FE-97B8-3BB52D00AB80}.Release|x64.ActiveCfg = Release|Win32
		{6796288E-420F-46FE-97B8-3BB52D00AB80}.Release|x86.ActiveCfg = Release|Win32
		{6796288E-420F-46FE-97B8-3BB52D00AB80}.Release|x86.Build.0 = Release|Win32
		{D6C8AC94-ABAB-4DA4-ADB1-4150909AC884}.Debug|x64.ActiveCfg = Debug|Win32
		{D6C8AC94-ABAB-4DA4-ADB1-4150909AC884}.Debug|x86.ActiveCfg = Debug|Win32
		{D6C8AC94-ABAB-4DA4-ADB1-4150909AC884}.Debug|x86.Build.0 = Debug|Win32
		{D6C8AC94-ABAB-4DA4-ADB1-4150909AC884}.Release|x64.ActiveCfg = Release|Win32
		{D6C8AC94-ABAB-4DA4-ADB1-4150909AC884}.Release|x86.ActiveCfg = Release|Win32
		{D6C8AC94-ABAB-4DA4-ADB1-4150909AC884}.Release|x86.Build.0 = Release|Win32
	EndGlobalSection
	GlobalSection(SolutionProperties) = preSolution
		HideSolutionNode = FALSE
	EndGlobalSection
EndGlobal
