<?xml version="1.0" encoding="utf-8"?>
<Project ToolsVersion="4.0" xmlns="http://schemas.microsoft.com/developer/msbuild/2003">
  <ItemGroup>
    <Filter Include="Source Files">
      <UniqueIdentifier>{4FC737F1-C7A5-4376-A066-2A32D752A2FF}</UniqueIdentifier>
      <Extensions>cpp;c;cc;cxx;c++;cppm;ixx;def;odl;idl;hpj;bat;asm;asmx</Extensions>
    </Filter>
    <Filter Include="Header Files">
      <UniqueIdentifier>{93995380-89BD-4b04-88EB-625FBE52EBFB}</UniqueIdentifier>
      <Extensions>h;hh;hpp;hxx;h++;hm;inl;inc;ipp;xsd</Extensions>
    </Filter>
    <Filter Include="Resource Files">
      <UniqueIdentifier>{67DA6AB6-F800-4c08-8B7A-83BB121AAD01}</UniqueIdentifier>
      <Extensions>rc;ico;cur;bmp;dlg;rc2;rct;bin;rgs;gif;jpg;jpeg;jpe;resx;tiff;tif;png;wav;mfcribbon-ms</Extensions>
    </Filter>
  </ItemGroup>
  <ItemGroup>
    <ClCompile Include="1_04 Упрощаем оператор сравнения.cpp">
      <Filter>Source Files</Filter>
    </ClCompile>
    <ClCompile Include="1_06 Возврат нескольких значений из функции.cpp">
      <Filter>Source Files</Filter>
    </ClCompile>
    <ClCompile Include="1_09 Рефакторим код и улучшаем читаемость вывода.cpp">
      <Filter>Source Files</Filter>
    </ClCompile>
    <ClCompile Include="2_03 Простейший способ создания юнит тестов на C++.cpp">
      <Filter>Source Files</Filter>
    </ClCompile>
    <ClCompile Include="1_EX_03 База регионов.cpp">
      <Filter>Source Files</Filter>
    </ClCompile>
    <ClCompile Include="1_EX_04 Трекер задач.cpp">
      <Filter>Source Files</Filter>
    </ClCompile>
    <ClCompile Include="2_10 Обеспечиваем регулярный запуск юнит тестов.cpp">
      <Filter>Source Files</Filter>
    </ClCompile>
    <ClCompile Include="4_01 Введение в итераторы.cpp">
      <Filter>Source Files</Filter>
    </ClCompile>
    <ClCompile Include="4_EX_01 Часть вектора.cpp">
      <Filter>Source Files</Filter>
    </ClCompile>
    <ClCompile Include="4_EX_02 Часть множества.cpp">
      <Filter>Source Files</Filter>
    </ClCompile>
    <ClCompile Include="4_EX_05 Перебор перестановок.cpp">
      <Filter>Source Files</Filter>
    </ClCompile>
    <ClCompile Include="4_EX_06 Демографические показатели.cpp">
      <Filter>Source Files</Filter>
    </ClCompile>
    <ClCompile Include="4_EX_07 Сортировка слиянием.cpp">
      <Filter>Source Files</Filter>
    </ClCompile>
    <ClCompile Include="5_02 Доступ к полям классов Знакомство со списками инициализации.cpp">
      <Filter>Source Files</Filter>
    </ClCompile>
    <ClCompile Include="5_06 Свойства виртуальных методов Абстрактные классы.cpp">
      <Filter>Source Files</Filter>
    </ClCompile>
    <ClCompile Include="5_08 Хранение объектов разных типов в контейнере с помощью shared ptr.cpp">
      <Filter>Source Files</Filter>
    </ClCompile>
    <ClCompile Include="5_10 Решение задачи для частного примера.cpp">
      <Filter>Source Files</Filter>
    </ClCompile>
    <ClCompile Include="5_EX_03 Набор фигур.cpp">
      <Filter>Source Files</Filter>
    </ClCompile>
  </ItemGroup>
  <ItemGroup>
    <ClInclude Include="2_10 Обеспечиваем регулярный запуск юнит тестов.h">
      <Filter>Header Files</Filter>
    </ClInclude>
  </ItemGroup>
</Project>